
Microsoft Visual Studio Solution File, Format Version 12.00
# Visual Studio 15
VisualStudioVersion = 15.0.33026.149
MinimumVisualStudioVersion = 10.0.40219.1
Project("{F14B399A-7131-4C87-9E4B-1186C45EF12D}") = "PREDiCT", "PREDiCT\PREDiCT.rptproj", "{1CD44022-30F4-4AA5-94C8-BA002C3CA83D}"
EndProject
Global
	GlobalSection(SolutionConfigurationPlatforms) = preSolution
		Debug|Default = Debug|Default
		DebugLocal|Default = DebugLocal|Default
		Release|Default = Release|Default
	EndGlobalSection
	GlobalSection(ProjectConfigurationPlatforms) = postSolution
		{1CD44022-30F4-4AA5-94C8-BA002C3CA83D}.Debug|Default.ActiveCfg = Debug
		{1CD44022-30F4-4AA5-94C8-BA002C3CA83D}.Debug|Default.Build.0 = Debug
		{1CD44022-30F4-4AA5-94C8-BA002C3CA83D}.Debug|Default.Deploy.0 = Debug
		{1CD44022-30F4-4AA5-94C8-BA002C3CA83D}.DebugLocal|Default.ActiveCfg = DebugLocal
		{1CD44022-30F4-4AA5-94C8-BA002C3CA83D}.DebugLocal|Default.Build.0 = DebugLocal
		{1CD44022-30F4-4AA5-94C8-BA002C3CA83D}.Release|Default.ActiveCfg = Release
		{1CD44022-30F4-4AA5-94C8-BA002C3CA83D}.Release|Default.Build.0 = Release
		{1CD44022-30F4-4AA5-94C8-BA002C3CA83D}.Release|Default.Deploy.0 = Release
	EndGlobalSection
	GlobalSection(SolutionProperties) = preSolution
		HideSolutionNode = FALSE
	EndGlobalSection
	GlobalSection(ExtensibilityGlobals) = postSolution
		SolutionGuid = {8770C8E8-840E-4D76-97DC-BFDC2A857D04}
	EndGlobalSection
	GlobalSection(TeamFoundationVersionControl) = preSolution
		SccNumberOfProjects = 2
		SccEnterpriseProvider = {4CA58AB2-18FA-4F8D-95D4-32DDF27D184C}
		SccTeamFoundationServer = http://svr-liv-tfs-02:8080/tfs/defaultcollection
		SccLocalPath0 = .
		SccProjectUniqueName1 = PREDiCT\\PREDiCT.rptproj
		SccProjectName1 = PREDiCT
		SccLocalPath1 = PREDiCT
	EndGlobalSection
EndGlobal
