
Microsoft Visual Studio Solution File, Format Version 12.00
# Visual Studio 15
VisualStudioVersion = 15.0.28307.106
MinimumVisualStudioVersion = 10.0.40219.1
Project("{F14B399A-7131-4C87-9E4B-1186C45EF12D}") = "Disease", "Disease\Disease.rptproj", "{730BE768-8FF5-4340-A41F-8EF09F8C83B9}"
EndProject
Global
	GlobalSection(SolutionConfigurationPlatforms) = preSolution
		Debug|Default = Debug|Default
		DebugLocal|Default = DebugLocal|Default
		Release|Default = Release|Default
	EndGlobalSection
	GlobalSection(ProjectConfigurationPlatforms) = postSolution
		{730BE768-8FF5-4340-A41F-8EF09F8C83B9}.Debug|Default.ActiveCfg = Debug
		{730BE768-8FF5-4340-A41F-8EF09F8C83B9}.Debug|Default.Build.0 = Debug
		{730BE768-8FF5-4340-A41F-8EF09F8C83B9}.Debug|Default.Deploy.0 = Debug
		{730BE768-8FF5-4340-A41F-8EF09F8C83B9}.DebugLocal|Default.ActiveCfg = DebugLocal
		{730BE768-8FF5-4340-A41F-8EF09F8C83B9}.DebugLocal|Default.Build.0 = DebugLocal
		{730BE768-8FF5-4340-A41F-8EF09F8C83B9}.Release|Default.ActiveCfg = Release
		{730BE768-8FF5-4340-A41F-8EF09F8C83B9}.Release|Default.Build.0 = Release
		{730BE768-8FF5-4340-A41F-8EF09F8C83B9}.Release|Default.Deploy.0 = Release
	EndGlobalSection
	GlobalSection(SolutionProperties) = preSolution
		HideSolutionNode = FALSE
	EndGlobalSection
	GlobalSection(ExtensibilityGlobals) = postSolution
		SolutionGuid = {0ECD285E-66CC-42A1-A84B-8E85A44C0579}
	EndGlobalSection
	GlobalSection(TeamFoundationVersionControl) = preSolution
		SccNumberOfProjects = 2
		SccEnterpriseProvider = {4CA58AB2-18FA-4F8D-95D4-32DDF27D184C}
		SccTeamFoundationServer = http://svr-liv-tfs-02:8080/tfs/defaultcollection
		SccLocalPath0 = .
		SccProjectUniqueName1 = Disease\\Disease.rptproj
		SccProjectName1 = Disease
		SccLocalPath1 = Disease
	EndGlobalSection
EndGlobal
