
Microsoft Visual Studio Solution File, Format Version 12.00
# Visual Studio 15
VisualStudioVersion = 15.0.28307.106
MinimumVisualStudioVersion = 10.0.40219.1
Project("{F14B399A-7131-4C87-9E4B-1186C45EF12D}") = "Litigation", "Litigation\Litigation.rptproj", "{D617595E-2E68-4CBB-86B2-16B1BF0A329D}"
EndProject
Global
	GlobalSection(SolutionConfigurationPlatforms) = preSolution
		Debug|Default = Debug|Default
		DebugLocal|Default = DebugLocal|Default
		Release|Default = Release|Default
	EndGlobalSection
	GlobalSection(ProjectConfigurationPlatforms) = postSolution
		{D617595E-2E68-4CBB-86B2-16B1BF0A329D}.Debug|Default.ActiveCfg = Debug
		{D617595E-2E68-4CBB-86B2-16B1BF0A329D}.Debug|Default.Build.0 = Debug
		{D617595E-2E68-4CBB-86B2-16B1BF0A329D}.Debug|Default.Deploy.0 = Debug
		{D617595E-2E68-4CBB-86B2-16B1BF0A329D}.DebugLocal|Default.ActiveCfg = DebugLocal
		{D617595E-2E68-4CBB-86B2-16B1BF0A329D}.DebugLocal|Default.Build.0 = DebugLocal
		{D617595E-2E68-4CBB-86B2-16B1BF0A329D}.Release|Default.ActiveCfg = Release
		{D617595E-2E68-4CBB-86B2-16B1BF0A329D}.Release|Default.Build.0 = Release
		{D617595E-2E68-4CBB-86B2-16B1BF0A329D}.Release|Default.Deploy.0 = Release
	EndGlobalSection
	GlobalSection(SolutionProperties) = preSolution
		HideSolutionNode = FALSE
	EndGlobalSection
	GlobalSection(ExtensibilityGlobals) = postSolution
		SolutionGuid = {1780D278-9CAE-40F3-AF68-2AD93AA0C4DC}
	EndGlobalSection
	GlobalSection(TeamFoundationVersionControl) = preSolution
		SccNumberOfProjects = 2
		SccEnterpriseProvider = {4CA58AB2-18FA-4F8D-95D4-32DDF27D184C}
		SccTeamFoundationServer = http://svr-liv-tfs-02:8080/tfs/defaultcollection
		SccLocalPath0 = .
		SccProjectUniqueName1 = Litigation\\Litigation.rptproj
		SccProjectName1 = Litigation
		SccLocalPath1 = Litigation
	EndGlobalSection
EndGlobal
