
Microsoft Visual Studio Solution File, Format Version 12.00
# Visual Studio 15
VisualStudioVersion = 15.0.28307.106
MinimumVisualStudioVersion = 10.0.40219.1
Project("{F14B399A-7131-4C87-9E4B-1186C45EF12D}") = "Business Change", "Business Change\Business Change.rptproj", "{2418AB58-D8DB-4588-8304-E3A1569FBD69}"
EndProject
Project("{F14B399A-7131-4C87-9E4B-1186C45EF12D}") = "Data Services", "Data Services\Data Services.rptproj", "{7557A432-36E7-487B-AC27-E5C0D09CAC59}"
EndProject
Project("{F14B399A-7131-4C87-9E4B-1186C45EF12D}") = "Facilities", "Facilities\Facilities.rptproj", "{E6BA99C8-0221-413E-A7A5-DC0A0CDF136F}"
EndProject
Project("{F14B399A-7131-4C87-9E4B-1186C45EF12D}") = "Finance", "Finance\Finance.rptproj", "{2E6C1361-0162-4EA8-9AAE-31C9FB51752B}"
EndProject
Project("{F14B399A-7131-4C87-9E4B-1186C45EF12D}") = "Information Systems", "Information Systems\Information Systems.rptproj", "{BD512051-F020-4667-B1B9-93719CC7679A}"
EndProject
Project("{F14B399A-7131-4C87-9E4B-1186C45EF12D}") = "Marketing", "Marketing\Marketing.rptproj", "{9AE68F4F-3C5C-450D-8391-5CFA8ABDE08C}"
EndProject
Project("{F14B399A-7131-4C87-9E4B-1186C45EF12D}") = "People and Knowledge", "People and Knowledge\People and Knowledge.rptproj", "{91836332-A5C9-4370-9046-D74DD120E2CC}"
EndProject
Project("{F14B399A-7131-4C87-9E4B-1186C45EF12D}") = "Risk And Compliance", "Risk And Compliance\Risk And Compliance.rptproj", "{9D938709-6455-4245-A177-DC2BBEF19167}"
EndProject
Project("{F14B399A-7131-4C87-9E4B-1186C45EF12D}") = "Risk And Compliance Claims", "Risk And Compliance Claims\Risk And Compliance Claims.rptproj", "{9B0CEB4D-5CB1-4BB4-AABE-20749781EED5}"
EndProject
Project("{F14B399A-7131-4C87-9E4B-1186C45EF12D}") = "Subscriptions", "Subscriptions\Subscriptions.rptproj", "{F8370ECB-F619-4FA9-BE39-6462E036640B}"
EndProject
Project("{2150E333-8FDC-42A3-9474-1A3956D46DE8}") = "Solution Items", "Solution Items", "{5E16BF98-3258-4511-9B8A-8661C9844C26}"
EndProject
Global
	GlobalSection(SolutionConfigurationPlatforms) = preSolution
		Debug|Default = Debug|Default
		DebugLocal|Default = DebugLocal|Default
		Release|Default = Release|Default
	EndGlobalSection
	GlobalSection(ProjectConfigurationPlatforms) = postSolution
		{2418AB58-D8DB-4588-8304-E3A1569FBD69}.Debug|Default.ActiveCfg = Debug
		{2418AB58-D8DB-4588-8304-E3A1569FBD69}.Debug|Default.Build.0 = Debug
		{2418AB58-D8DB-4588-8304-E3A1569FBD69}.Debug|Default.Deploy.0 = Debug
		{2418AB58-D8DB-4588-8304-E3A1569FBD69}.DebugLocal|Default.ActiveCfg = DebugLocal
		{2418AB58-D8DB-4588-8304-E3A1569FBD69}.DebugLocal|Default.Build.0 = DebugLocal
		{2418AB58-D8DB-4588-8304-E3A1569FBD69}.Release|Default.ActiveCfg = Release
		{2418AB58-D8DB-4588-8304-E3A1569FBD69}.Release|Default.Build.0 = Release
		{2418AB58-D8DB-4588-8304-E3A1569FBD69}.Release|Default.Deploy.0 = Release
		{7557A432-36E7-487B-AC27-E5C0D09CAC59}.Debug|Default.ActiveCfg = Debug
		{7557A432-36E7-487B-AC27-E5C0D09CAC59}.Debug|Default.Build.0 = Debug
		{7557A432-36E7-487B-AC27-E5C0D09CAC59}.Debug|Default.Deploy.0 = Debug
		{7557A432-36E7-487B-AC27-E5C0D09CAC59}.DebugLocal|Default.ActiveCfg = DebugLocal
		{7557A432-36E7-487B-AC27-E5C0D09CAC59}.DebugLocal|Default.Build.0 = DebugLocal
		{7557A432-36E7-487B-AC27-E5C0D09CAC59}.Release|Default.ActiveCfg = Release
		{7557A432-36E7-487B-AC27-E5C0D09CAC59}.Release|Default.Build.0 = Release
		{7557A432-36E7-487B-AC27-E5C0D09CAC59}.Release|Default.Deploy.0 = Release
		{E6BA99C8-0221-413E-A7A5-DC0A0CDF136F}.Debug|Default.ActiveCfg = Debug
		{E6BA99C8-0221-413E-A7A5-DC0A0CDF136F}.Debug|Default.Build.0 = Debug
		{E6BA99C8-0221-413E-A7A5-DC0A0CDF136F}.Debug|Default.Deploy.0 = Debug
		{E6BA99C8-0221-413E-A7A5-DC0A0CDF136F}.DebugLocal|Default.ActiveCfg = DebugLocal
		{E6BA99C8-0221-413E-A7A5-DC0A0CDF136F}.DebugLocal|Default.Build.0 = DebugLocal
		{E6BA99C8-0221-413E-A7A5-DC0A0CDF136F}.Release|Default.ActiveCfg = Release
		{E6BA99C8-0221-413E-A7A5-DC0A0CDF136F}.Release|Default.Build.0 = Release
		{E6BA99C8-0221-413E-A7A5-DC0A0CDF136F}.Release|Default.Deploy.0 = Release
		{2E6C1361-0162-4EA8-9AAE-31C9FB51752B}.Debug|Default.ActiveCfg = Debug
		{2E6C1361-0162-4EA8-9AAE-31C9FB51752B}.Debug|Default.Build.0 = Debug
		{2E6C1361-0162-4EA8-9AAE-31C9FB51752B}.Debug|Default.Deploy.0 = Debug
		{2E6C1361-0162-4EA8-9AAE-31C9FB51752B}.DebugLocal|Default.ActiveCfg = DebugLocal
		{2E6C1361-0162-4EA8-9AAE-31C9FB51752B}.DebugLocal|Default.Build.0 = DebugLocal
		{2E6C1361-0162-4EA8-9AAE-31C9FB51752B}.Release|Default.ActiveCfg = Release
		{2E6C1361-0162-4EA8-9AAE-31C9FB51752B}.Release|Default.Build.0 = Release
		{2E6C1361-0162-4EA8-9AAE-31C9FB51752B}.Release|Default.Deploy.0 = Release
		{BD512051-F020-4667-B1B9-93719CC7679A}.Debug|Default.ActiveCfg = Debug
		{BD512051-F020-4667-B1B9-93719CC7679A}.Debug|Default.Build.0 = Debug
		{BD512051-F020-4667-B1B9-93719CC7679A}.Debug|Default.Deploy.0 = Debug
		{BD512051-F020-4667-B1B9-93719CC7679A}.DebugLocal|Default.ActiveCfg = DebugLocal
		{BD512051-F020-4667-B1B9-93719CC7679A}.DebugLocal|Default.Build.0 = DebugLocal
		{BD512051-F020-4667-B1B9-93719CC7679A}.Release|Default.ActiveCfg = Release
		{BD512051-F020-4667-B1B9-93719CC7679A}.Release|Default.Build.0 = Release
		{BD512051-F020-4667-B1B9-93719CC7679A}.Release|Default.Deploy.0 = Release
		{9AE68F4F-3C5C-450D-8391-5CFA8ABDE08C}.Debug|Default.ActiveCfg = Debug
		{9AE68F4F-3C5C-450D-8391-5CFA8ABDE08C}.Debug|Default.Build.0 = Debug
		{9AE68F4F-3C5C-450D-8391-5CFA8ABDE08C}.Debug|Default.Deploy.0 = Debug
		{9AE68F4F-3C5C-450D-8391-5CFA8ABDE08C}.DebugLocal|Default.ActiveCfg = DebugLocal
		{9AE68F4F-3C5C-450D-8391-5CFA8ABDE08C}.DebugLocal|Default.Build.0 = DebugLocal
		{9AE68F4F-3C5C-450D-8391-5CFA8ABDE08C}.Release|Default.ActiveCfg = Release
		{9AE68F4F-3C5C-450D-8391-5CFA8ABDE08C}.Release|Default.Build.0 = Release
		{9AE68F4F-3C5C-450D-8391-5CFA8ABDE08C}.Release|Default.Deploy.0 = Release
		{91836332-A5C9-4370-9046-D74DD120E2CC}.Debug|Default.ActiveCfg = Debug
		{91836332-A5C9-4370-9046-D74DD120E2CC}.Debug|Default.Build.0 = Debug
		{91836332-A5C9-4370-9046-D74DD120E2CC}.Debug|Default.Deploy.0 = Debug
		{91836332-A5C9-4370-9046-D74DD120E2CC}.DebugLocal|Default.ActiveCfg = DebugLocal
		{91836332-A5C9-4370-9046-D74DD120E2CC}.DebugLocal|Default.Build.0 = DebugLocal
		{91836332-A5C9-4370-9046-D74DD120E2CC}.Release|Default.ActiveCfg = Release
		{91836332-A5C9-4370-9046-D74DD120E2CC}.Release|Default.Build.0 = Release
		{91836332-A5C9-4370-9046-D74DD120E2CC}.Release|Default.Deploy.0 = Release
		{9D938709-6455-4245-A177-DC2BBEF19167}.Debug|Default.ActiveCfg = Debug
		{9D938709-6455-4245-A177-DC2BBEF19167}.Debug|Default.Build.0 = Debug
		{9D938709-6455-4245-A177-DC2BBEF19167}.Debug|Default.Deploy.0 = Debug
		{9D938709-6455-4245-A177-DC2BBEF19167}.DebugLocal|Default.ActiveCfg = DebugLocal
		{9D938709-6455-4245-A177-DC2BBEF19167}.DebugLocal|Default.Build.0 = DebugLocal
		{9D938709-6455-4245-A177-DC2BBEF19167}.Release|Default.ActiveCfg = Release
		{9D938709-6455-4245-A177-DC2BBEF19167}.Release|Default.Build.0 = Release
		{9D938709-6455-4245-A177-DC2BBEF19167}.Release|Default.Deploy.0 = Release
		{9B0CEB4D-5CB1-4BB4-AABE-20749781EED5}.Debug|Default.ActiveCfg = Debug
		{9B0CEB4D-5CB1-4BB4-AABE-20749781EED5}.Debug|Default.Build.0 = Debug
		{9B0CEB4D-5CB1-4BB4-AABE-20749781EED5}.Debug|Default.Deploy.0 = Debug
		{9B0CEB4D-5CB1-4BB4-AABE-20749781EED5}.DebugLocal|Default.ActiveCfg = DebugLocal
		{9B0CEB4D-5CB1-4BB4-AABE-20749781EED5}.DebugLocal|Default.Build.0 = DebugLocal
		{9B0CEB4D-5CB1-4BB4-AABE-20749781EED5}.Release|Default.ActiveCfg = Release
		{9B0CEB4D-5CB1-4BB4-AABE-20749781EED5}.Release|Default.Build.0 = Release
		{9B0CEB4D-5CB1-4BB4-AABE-20749781EED5}.Release|Default.Deploy.0 = Release
		{F8370ECB-F619-4FA9-BE39-6462E036640B}.Debug|Default.ActiveCfg = Debug
		{F8370ECB-F619-4FA9-BE39-6462E036640B}.Debug|Default.Build.0 = Debug
		{F8370ECB-F619-4FA9-BE39-6462E036640B}.Debug|Default.Deploy.0 = Debug
		{F8370ECB-F619-4FA9-BE39-6462E036640B}.DebugLocal|Default.ActiveCfg = DebugLocal
		{F8370ECB-F619-4FA9-BE39-6462E036640B}.DebugLocal|Default.Build.0 = DebugLocal
		{F8370ECB-F619-4FA9-BE39-6462E036640B}.Release|Default.ActiveCfg = Release
		{F8370ECB-F619-4FA9-BE39-6462E036640B}.Release|Default.Build.0 = Release
		{F8370ECB-F619-4FA9-BE39-6462E036640B}.Release|Default.Deploy.0 = Release
	EndGlobalSection
	GlobalSection(SolutionProperties) = preSolution
		HideSolutionNode = FALSE
	EndGlobalSection
	GlobalSection(ExtensibilityGlobals) = postSolution
		SolutionGuid = {F2901808-258B-401F-A8C8-6168975D77B6}
	EndGlobalSection
	GlobalSection(TeamFoundationVersionControl) = preSolution
		SccNumberOfProjects = 11
		SccEnterpriseProvider = {4CA58AB2-18FA-4F8D-95D4-32DDF27D184C}
		SccTeamFoundationServer = http://svr-liv-tfs-02:8080/tfs/defaultcollection
		SccLocalPath0 = .
		SccProjectUniqueName1 = Business\u0020Change\\Business\u0020Change.rptproj
		SccProjectName1 = Business\u0020Change
		SccLocalPath1 = Business\u0020Change
		SccProjectUniqueName2 = Data\u0020Services\\Data\u0020Services.rptproj
		SccProjectName2 = Data\u0020Services
		SccLocalPath2 = Data\u0020Services
		SccProjectUniqueName3 = Facilities\\Facilities.rptproj
		SccProjectName3 = Facilities
		SccLocalPath3 = Facilities
		SccProjectUniqueName4 = Finance\\Finance.rptproj
		SccProjectName4 = Finance
		SccLocalPath4 = Finance
		SccProjectUniqueName5 = Information\u0020Systems\\Information\u0020Systems.rptproj
		SccProjectName5 = Information\u0020Systems
		SccLocalPath5 = Information\u0020Systems
		SccProjectUniqueName6 = Marketing\\Marketing.rptproj
		SccProjectName6 = Marketing
		SccLocalPath6 = Marketing
		SccProjectUniqueName7 = People\u0020and\u0020Knowledge\\People\u0020and\u0020Knowledge.rptproj
		SccProjectName7 = People\u0020and\u0020Knowledge
		SccLocalPath7 = People\u0020and\u0020Knowledge
		SccProjectUniqueName8 = Risk\u0020And\u0020Compliance\\Risk\u0020And\u0020Compliance.rptproj
		SccProjectName8 = Risk\u0020And\u0020Compliance
		SccLocalPath8 = Risk\u0020And\u0020Compliance
		SccProjectUniqueName9 = Risk\u0020And\u0020Compliance\u0020Claims\\Risk\u0020And\u0020Compliance\u0020Claims.rptproj
		SccProjectName9 = Risk\u0020And\u0020Compliance\u0020Claims
		SccLocalPath9 = Risk\u0020And\u0020Compliance\u0020Claims
		SccProjectUniqueName10 = Subscriptions\\Subscriptions.rptproj
		SccProjectName10 = Subscriptions
		SccLocalPath10 = Subscriptions
	EndGlobalSection
EndGlobal
