
Microsoft Visual Studio Solution File, Format Version 12.00
# Visual Studio 15
VisualStudioVersion = 15.0.28307.106
MinimumVisualStudioVersion = 10.0.40219.1
Project("{F14B399A-7131-4C87-9E4B-1186C45EF12D}") = "Large Loss", "Large Loss\Large Loss.rptproj", "{F604120D-90E2-4C40-B501-B9755B13430E}"
EndProject
Global
	GlobalSection(SolutionConfigurationPlatforms) = preSolution
		Debug|Default = Debug|Default
		DebugLocal|Default = DebugLocal|Default
		Release|Default = Release|Default
	EndGlobalSection
	GlobalSection(ProjectConfigurationPlatforms) = postSolution
		{F604120D-90E2-4C40-B501-B9755B13430E}.Debug|Default.ActiveCfg = Debug
		{F604120D-90E2-4C40-B501-B9755B13430E}.Debug|Default.Build.0 = Debug
		{F604120D-90E2-4C40-B501-B9755B13430E}.Debug|Default.Deploy.0 = Debug
		{F604120D-90E2-4C40-B501-B9755B13430E}.DebugLocal|Default.ActiveCfg = DebugLocal
		{F604120D-90E2-4C40-B501-B9755B13430E}.DebugLocal|Default.Build.0 = DebugLocal
		{F604120D-90E2-4C40-B501-B9755B13430E}.Release|Default.ActiveCfg = Release
		{F604120D-90E2-4C40-B501-B9755B13430E}.Release|Default.Build.0 = Release
		{F604120D-90E2-4C40-B501-B9755B13430E}.Release|Default.Deploy.0 = Release
	EndGlobalSection
	GlobalSection(SolutionProperties) = preSolution
		HideSolutionNode = FALSE
	EndGlobalSection
	GlobalSection(ExtensibilityGlobals) = postSolution
		SolutionGuid = {F48425B1-33B0-4A59-B678-33A31133E7B1}
	EndGlobalSection
	GlobalSection(TeamFoundationVersionControl) = preSolution
		SccNumberOfProjects = 2
		SccEnterpriseProvider = {4CA58AB2-18FA-4F8D-95D4-32DDF27D184C}
		SccTeamFoundationServer = http://svr-liv-tfs-02:8080/tfs/defaultcollection
		SccLocalPath0 = .
		SccProjectUniqueName1 = Large\u0020Loss\\Large\u0020Loss.rptproj
		SccProjectName1 = Large\u0020Loss
		SccLocalPath1 = Large\u0020Loss
	EndGlobalSection
EndGlobal
