
Microsoft Visual Studio Solution File, Format Version 12.00
# Visual Studio 15
VisualStudioVersion = 15.0.28307.106
MinimumVisualStudioVersion = 10.0.40219.1
Project("{F14B399A-7131-4C87-9E4B-1186C45EF12D}") = "Summary Reports", "Summary Reports\Summary Reports.rptproj", "{253D5377-6285-4C76-8C73-88BB09B92A86}"
EndProject
Global
	GlobalSection(SolutionConfigurationPlatforms) = preSolution
		Debug|Default = Debug|Default
		DebugLocal|Default = DebugLocal|Default
		Release|Default = Release|Default
	EndGlobalSection
	GlobalSection(ProjectConfigurationPlatforms) = postSolution
		{253D5377-6285-4C76-8C73-88BB09B92A86}.Debug|Default.ActiveCfg = Debug
		{253D5377-6285-4C76-8C73-88BB09B92A86}.Debug|Default.Build.0 = Debug
		{253D5377-6285-4C76-8C73-88BB09B92A86}.Debug|Default.Deploy.0 = Debug
		{253D5377-6285-4C76-8C73-88BB09B92A86}.DebugLocal|Default.ActiveCfg = DebugLocal
		{253D5377-6285-4C76-8C73-88BB09B92A86}.DebugLocal|Default.Build.0 = DebugLocal
		{253D5377-6285-4C76-8C73-88BB09B92A86}.Release|Default.ActiveCfg = Release
		{253D5377-6285-4C76-8C73-88BB09B92A86}.Release|Default.Build.0 = Release
		{253D5377-6285-4C76-8C73-88BB09B92A86}.Release|Default.Deploy.0 = Release
	EndGlobalSection
	GlobalSection(SolutionProperties) = preSolution
		HideSolutionNode = FALSE
	EndGlobalSection
	GlobalSection(ExtensibilityGlobals) = postSolution
		SolutionGuid = {41245567-D81E-4B6A-AF7F-DD5886FE6866}
	EndGlobalSection
	GlobalSection(TeamFoundationVersionControl) = preSolution
		SccNumberOfProjects = 2
		SccEnterpriseProvider = {4CA58AB2-18FA-4F8D-95D4-32DDF27D184C}
		SccTeamFoundationServer = http://svr-liv-tfs-02:8080/tfs/defaultcollection
		SccLocalPath0 = .
		SccProjectUniqueName1 = Summary\u0020Reports\\Summary\u0020Reports.rptproj
		SccProjectName1 = Summary\u0020Reports
		SccLocalPath1 = Summary\u0020Reports
	EndGlobalSection
EndGlobal
