
Microsoft Visual Studio Solution File, Format Version 12.00
# Visual Studio 15
VisualStudioVersion = 15.0.28307.106
MinimumVisualStudioVersion = 10.0.40219.1
Project("{F14B399A-7131-4C87-9E4B-1186C45EF12D}") = "Debt Wip And Disbs", "Debt Wip And Disbs\Debt Wip And Disbs.rptproj", "{08C334FE-A42E-4C91-A1F4-AFF6AF0EF7B7}"
EndProject
Global
	GlobalSection(SolutionConfigurationPlatforms) = preSolution
		Debug|Default = Debug|Default
		DebugLocal|Default = DebugLocal|Default
		Release|Default = Release|Default
	EndGlobalSection
	GlobalSection(ProjectConfigurationPlatforms) = postSolution
		{08C334FE-A42E-4C91-A1F4-AFF6AF0EF7B7}.Debug|Default.ActiveCfg = Debug
		{08C334FE-A42E-4C91-A1F4-AFF6AF0EF7B7}.Debug|Default.Build.0 = Debug
		{08C334FE-A42E-4C91-A1F4-AFF6AF0EF7B7}.Debug|Default.Deploy.0 = Debug
		{08C334FE-A42E-4C91-A1F4-AFF6AF0EF7B7}.DebugLocal|Default.ActiveCfg = DebugLocal
		{08C334FE-A42E-4C91-A1F4-AFF6AF0EF7B7}.DebugLocal|Default.Build.0 = DebugLocal
		{08C334FE-A42E-4C91-A1F4-AFF6AF0EF7B7}.Release|Default.ActiveCfg = Release
		{08C334FE-A42E-4C91-A1F4-AFF6AF0EF7B7}.Release|Default.Build.0 = Release
		{08C334FE-A42E-4C91-A1F4-AFF6AF0EF7B7}.Release|Default.Deploy.0 = Release
	EndGlobalSection
	GlobalSection(SolutionProperties) = preSolution
		HideSolutionNode = FALSE
	EndGlobalSection
	GlobalSection(ExtensibilityGlobals) = postSolution
		SolutionGuid = {EC9864CB-06C2-4F02-9D2A-2B8B55A4DFD8}
	EndGlobalSection
	GlobalSection(TeamFoundationVersionControl) = preSolution
		SccNumberOfProjects = 2
		SccEnterpriseProvider = {4CA58AB2-18FA-4F8D-95D4-32DDF27D184C}
		SccTeamFoundationServer = http://svr-liv-tfs-02:8080/tfs/defaultcollection
		SccLocalPath0 = .
		SccProjectUniqueName1 = Debt\u0020Wip\u0020And\u0020Disbs\\Debt\u0020Wip\u0020And\u0020Disbs.rptproj
		SccProjectName1 = Debt\u0020Wip\u0020And\u0020Disbs
		SccLocalPath1 = Debt\u0020Wip\u0020And\u0020Disbs
	EndGlobalSection
EndGlobal
