
Microsoft Visual Studio Solution File, Format Version 12.00
# Visual Studio 15
VisualStudioVersion = 15.0.28307.106
MinimumVisualStudioVersion = 10.0.40219.1
Project("{F14B399A-7131-4C87-9E4B-1186C45EF12D}") = "Revenue And Hours", "Revenue And Hours\Revenue And Hours.rptproj", "{1BA284BA-68DB-4522-8070-45A911BC78F5}"
EndProject
Project("{F14B399A-7131-4C87-9E4B-1186C45EF12D}") = "Finance", "Finance\Finance.rptproj", "{C6B85850-6A3F-440C-BD8D-8675096F57DA}"
EndProject
Global
	GlobalSection(SolutionConfigurationPlatforms) = preSolution
		Debug|Default = Debug|Default
		DebugLocal|Default = DebugLocal|Default
		Release|Default = Release|Default
	EndGlobalSection
	GlobalSection(ProjectConfigurationPlatforms) = postSolution
		{1BA284BA-68DB-4522-8070-45A911BC78F5}.Debug|Default.ActiveCfg = Debug
		{1BA284BA-68DB-4522-8070-45A911BC78F5}.Debug|Default.Build.0 = Debug
		{1BA284BA-68DB-4522-8070-45A911BC78F5}.Debug|Default.Deploy.0 = Debug
		{1BA284BA-68DB-4522-8070-45A911BC78F5}.DebugLocal|Default.ActiveCfg = DebugLocal
		{1BA284BA-68DB-4522-8070-45A911BC78F5}.DebugLocal|Default.Build.0 = DebugLocal
		{1BA284BA-68DB-4522-8070-45A911BC78F5}.Release|Default.ActiveCfg = Release
		{1BA284BA-68DB-4522-8070-45A911BC78F5}.Release|Default.Build.0 = Release
		{1BA284BA-68DB-4522-8070-45A911BC78F5}.Release|Default.Deploy.0 = Release
		{C6B85850-6A3F-440C-BD8D-8675096F57DA}.Debug|Default.ActiveCfg = Debug
		{C6B85850-6A3F-440C-BD8D-8675096F57DA}.Debug|Default.Build.0 = Debug
		{C6B85850-6A3F-440C-BD8D-8675096F57DA}.Debug|Default.Deploy.0 = Debug
		{C6B85850-6A3F-440C-BD8D-8675096F57DA}.DebugLocal|Default.ActiveCfg = DebugLocal
		{C6B85850-6A3F-440C-BD8D-8675096F57DA}.DebugLocal|Default.Build.0 = DebugLocal
		{C6B85850-6A3F-440C-BD8D-8675096F57DA}.Release|Default.ActiveCfg = Release
		{C6B85850-6A3F-440C-BD8D-8675096F57DA}.Release|Default.Build.0 = Release
		{C6B85850-6A3F-440C-BD8D-8675096F57DA}.Release|Default.Deploy.0 = Release
	EndGlobalSection
	GlobalSection(SolutionProperties) = preSolution
		HideSolutionNode = FALSE
	EndGlobalSection
	GlobalSection(ExtensibilityGlobals) = postSolution
		SolutionGuid = {43776CC6-6BFD-494D-B698-D23CE1082A72}
	EndGlobalSection
	GlobalSection(TeamFoundationVersionControl) = preSolution
		SccNumberOfProjects = 3
		SccEnterpriseProvider = {4CA58AB2-18FA-4F8D-95D4-32DDF27D184C}
		SccTeamFoundationServer = http://svr-liv-tfs-02:8080/tfs/defaultcollection
		SccLocalPath0 = .
		SccProjectUniqueName1 = Revenue\u0020And\u0020Hours\\Revenue\u0020And\u0020Hours.rptproj
		SccProjectName1 = Revenue\u0020And\u0020Hours
		SccLocalPath1 = Revenue\u0020And\u0020Hours
		SccProjectUniqueName2 = Finance\\Finance.rptproj
		SccProjectName2 = Finance
		SccLocalPath2 = Finance
	EndGlobalSection
EndGlobal
