
Microsoft Visual Studio Solution File, Format Version 12.00
# Visual Studio 15
VisualStudioVersion = 15.0.28010.2026
MinimumVisualStudioVersion = 10.0.40219.1
Project("{F14B399A-7131-4C87-9E4B-1186C45EF12D}") = "group check thing", "group check thing\group check thing.rptproj", "{B8CBBE46-D235-4914-82A2-9E88FA71AE98}"
EndProject
Global
	GlobalSection(SolutionConfigurationPlatforms) = preSolution
		Debug|Default = Debug|Default
		DebugLocal|Default = DebugLocal|Default
		Release|Default = Release|Default
	EndGlobalSection
	GlobalSection(ProjectConfigurationPlatforms) = postSolution
		{B8CBBE46-D235-4914-82A2-9E88FA71AE98}.Debug|Default.ActiveCfg = Debug
		{B8CBBE46-D235-4914-82A2-9E88FA71AE98}.Debug|Default.Build.0 = Debug
		{B8CBBE46-D235-4914-82A2-9E88FA71AE98}.Debug|Default.Deploy.0 = Debug
		{B8CBBE46-D235-4914-82A2-9E88FA71AE98}.DebugLocal|Default.ActiveCfg = DebugLocal
		{B8CBBE46-D235-4914-82A2-9E88FA71AE98}.DebugLocal|Default.Build.0 = DebugLocal
		{B8CBBE46-D235-4914-82A2-9E88FA71AE98}.Release|Default.ActiveCfg = Release
		{B8CBBE46-D235-4914-82A2-9E88FA71AE98}.Release|Default.Build.0 = Release
		{B8CBBE46-D235-4914-82A2-9E88FA71AE98}.Release|Default.Deploy.0 = Release
	EndGlobalSection
	GlobalSection(SolutionProperties) = preSolution
		HideSolutionNode = FALSE
	EndGlobalSection
	GlobalSection(ExtensibilityGlobals) = postSolution
		SolutionGuid = {9C7CE650-3D95-4D7E-B3BC-BDD99526FA52}
	EndGlobalSection
	GlobalSection(TeamFoundationVersionControl) = preSolution
		SccNumberOfProjects = 2
		SccEnterpriseProvider = {4CA58AB2-18FA-4F8D-95D4-32DDF27D184C}
		SccTeamFoundationServer = http://svr-liv-tfs-02:8080/tfs/defaultcollection
		SccLocalPath0 = .
		SccProjectUniqueName1 = group\u0020check\u0020thing\\group\u0020check\u0020thing.rptproj
		SccProjectName1 = group\u0020check\u0020thing
		SccLocalPath1 = group\u0020check\u0020thing
	EndGlobalSection
EndGlobal
