
Microsoft Visual Studio Solution File, Format Version 12.00
# Visual Studio 15
VisualStudioVersion = 15.0.28307.106
MinimumVisualStudioVersion = 10.0.40219.1
Project("{F14B399A-7131-4C87-9E4B-1186C45EF12D}") = "Real Estate", "Real Estate\Real Estate.rptproj", "{C50117AE-4C2D-4E3D-91F3-C47C98C752D4}"
EndProject
Global
	GlobalSection(SolutionConfigurationPlatforms) = preSolution
		Debug|Default = Debug|Default
		DebugLocal|Default = DebugLocal|Default
		Release|Default = Release|Default
	EndGlobalSection
	GlobalSection(ProjectConfigurationPlatforms) = postSolution
		{C50117AE-4C2D-4E3D-91F3-C47C98C752D4}.Debug|Default.ActiveCfg = Debug
		{C50117AE-4C2D-4E3D-91F3-C47C98C752D4}.Debug|Default.Build.0 = Debug
		{C50117AE-4C2D-4E3D-91F3-C47C98C752D4}.Debug|Default.Deploy.0 = Debug
		{C50117AE-4C2D-4E3D-91F3-C47C98C752D4}.DebugLocal|Default.ActiveCfg = DebugLocal
		{C50117AE-4C2D-4E3D-91F3-C47C98C752D4}.DebugLocal|Default.Build.0 = DebugLocal
		{C50117AE-4C2D-4E3D-91F3-C47C98C752D4}.Release|Default.ActiveCfg = Release
		{C50117AE-4C2D-4E3D-91F3-C47C98C752D4}.Release|Default.Build.0 = Release
		{C50117AE-4C2D-4E3D-91F3-C47C98C752D4}.Release|Default.Deploy.0 = Release
	EndGlobalSection
	GlobalSection(SolutionProperties) = preSolution
		HideSolutionNode = FALSE
	EndGlobalSection
	GlobalSection(ExtensibilityGlobals) = postSolution
		SolutionGuid = {1C0125FB-613A-41B9-9B77-9C3C270E62F4}
	EndGlobalSection
	GlobalSection(TeamFoundationVersionControl) = preSolution
		SccNumberOfProjects = 2
		SccEnterpriseProvider = {4CA58AB2-18FA-4F8D-95D4-32DDF27D184C}
		SccTeamFoundationServer = http://svr-liv-tfs-02:8080/tfs/defaultcollection
		SccLocalPath0 = .
		SccProjectUniqueName1 = Real\u0020Estate\\Real\u0020Estate.rptproj
		SccProjectName1 = Real\u0020Estate
		SccLocalPath1 = Real\u0020Estate
	EndGlobalSection
EndGlobal
