
Microsoft Visual Studio Solution File, Format Version 12.00
# Visual Studio 15
VisualStudioVersion = 15.0.28307.960
MinimumVisualStudioVersion = 10.0.40219.1
Project("{F14B399A-7131-4C87-9E4B-1186C45EF12D}") = "Regulatory", "Regulatory\Regulatory.rptproj", "{9162A8F4-859D-45DF-930A-1880F40FC395}"
EndProject
Global
	GlobalSection(SolutionConfigurationPlatforms) = preSolution
		Debug|Default = Debug|Default
		DebugLocal|Default = DebugLocal|Default
		Release|Default = Release|Default
	EndGlobalSection
	GlobalSection(ProjectConfigurationPlatforms) = postSolution
		{9162A8F4-859D-45DF-930A-1880F40FC395}.Debug|Default.ActiveCfg = Debug
		{9162A8F4-859D-45DF-930A-1880F40FC395}.Debug|Default.Build.0 = Debug
		{9162A8F4-859D-45DF-930A-1880F40FC395}.Debug|Default.Deploy.0 = Debug
		{9162A8F4-859D-45DF-930A-1880F40FC395}.DebugLocal|Default.ActiveCfg = DebugLocal
		{9162A8F4-859D-45DF-930A-1880F40FC395}.DebugLocal|Default.Build.0 = DebugLocal
		{9162A8F4-859D-45DF-930A-1880F40FC395}.Release|Default.ActiveCfg = Release
		{9162A8F4-859D-45DF-930A-1880F40FC395}.Release|Default.Build.0 = Release
		{9162A8F4-859D-45DF-930A-1880F40FC395}.Release|Default.Deploy.0 = Release
	EndGlobalSection
	GlobalSection(SolutionProperties) = preSolution
		HideSolutionNode = FALSE
	EndGlobalSection
	GlobalSection(ExtensibilityGlobals) = postSolution
		SolutionGuid = {F85221D8-81E7-4688-9294-0CB6725E6F1C}
	EndGlobalSection
	GlobalSection(TeamFoundationVersionControl) = preSolution
		SccNumberOfProjects = 2
		SccEnterpriseProvider = {4CA58AB2-18FA-4F8D-95D4-32DDF27D184C}
		SccTeamFoundationServer = http://svr-liv-tfs-02:8080/tfs/defaultcollection
		SccLocalPath0 = .
		SccProjectUniqueName1 = Regulatory\\Regulatory.rptproj
		SccProjectName1 = Regulatory
		SccLocalPath1 = Regulatory
	EndGlobalSection
EndGlobal
