
Microsoft Visual Studio Solution File, Format Version 12.00
# Visual Studio 15
VisualStudioVersion = 15.0.28307.489
MinimumVisualStudioVersion = 10.0.40219.1
Project("{F14B399A-7131-4C87-9E4B-1186C45EF12D}") = "EPI", "EPI\EPI.rptproj", "{918910FE-9980-42BD-B4A7-BC9D7AB90D57}"
EndProject
Global
	GlobalSection(SolutionConfigurationPlatforms) = preSolution
		Debug|Default = Debug|Default
		DebugLocal|Default = DebugLocal|Default
		Release|Default = Release|Default
	EndGlobalSection
	GlobalSection(ProjectConfigurationPlatforms) = postSolution
		{918910FE-9980-42BD-B4A7-BC9D7AB90D57}.Debug|Default.ActiveCfg = Debug
		{918910FE-9980-42BD-B4A7-BC9D7AB90D57}.Debug|Default.Build.0 = Debug
		{918910FE-9980-42BD-B4A7-BC9D7AB90D57}.Debug|Default.Deploy.0 = Debug
		{918910FE-9980-42BD-B4A7-BC9D7AB90D57}.DebugLocal|Default.ActiveCfg = DebugLocal
		{918910FE-9980-42BD-B4A7-BC9D7AB90D57}.DebugLocal|Default.Build.0 = DebugLocal
		{918910FE-9980-42BD-B4A7-BC9D7AB90D57}.Release|Default.ActiveCfg = Release
		{918910FE-9980-42BD-B4A7-BC9D7AB90D57}.Release|Default.Build.0 = Release
		{918910FE-9980-42BD-B4A7-BC9D7AB90D57}.Release|Default.Deploy.0 = Release
	EndGlobalSection
	GlobalSection(SolutionProperties) = preSolution
		HideSolutionNode = FALSE
	EndGlobalSection
	GlobalSection(ExtensibilityGlobals) = postSolution
		SolutionGuid = {85EB89A2-3389-4604-B748-B36D6ED67CD3}
	EndGlobalSection
	GlobalSection(TeamFoundationVersionControl) = preSolution
		SccNumberOfProjects = 2
		SccEnterpriseProvider = {4CA58AB2-18FA-4F8D-95D4-32DDF27D184C}
		SccTeamFoundationServer = http://svr-liv-tfs-02:8080/tfs/defaultcollection
		SccLocalPath0 = .
		SccProjectUniqueName1 = EPI\\EPI.rptproj
		SccProjectName1 = EPI
		SccLocalPath1 = EPI
	EndGlobalSection
EndGlobal
