
Microsoft Visual Studio Solution File, Format Version 12.00
# Visual Studio 15
VisualStudioVersion = 15.0.28307.106
MinimumVisualStudioVersion = 10.0.40219.1
Project("{F14B399A-7131-4C87-9E4B-1186C45EF12D}") = "Healthcare", "Healthcare\Healthcare.rptproj", "{450CF540-2DB4-4602-ADF5-827FE9216C2C}"
EndProject
Global
	GlobalSection(SolutionConfigurationPlatforms) = preSolution
		Debug|Default = Debug|Default
		DebugLocal|Default = DebugLocal|Default
		Release|Default = Release|Default
	EndGlobalSection
	GlobalSection(ProjectConfigurationPlatforms) = postSolution
		{450CF540-2DB4-4602-ADF5-827FE9216C2C}.Debug|Default.ActiveCfg = Debug
		{450CF540-2DB4-4602-ADF5-827FE9216C2C}.Debug|Default.Build.0 = Debug
		{450CF540-2DB4-4602-ADF5-827FE9216C2C}.Debug|Default.Deploy.0 = Debug
		{450CF540-2DB4-4602-ADF5-827FE9216C2C}.DebugLocal|Default.ActiveCfg = DebugLocal
		{450CF540-2DB4-4602-ADF5-827FE9216C2C}.DebugLocal|Default.Build.0 = DebugLocal
		{450CF540-2DB4-4602-ADF5-827FE9216C2C}.Release|Default.ActiveCfg = Release
		{450CF540-2DB4-4602-ADF5-827FE9216C2C}.Release|Default.Build.0 = Release
		{450CF540-2DB4-4602-ADF5-827FE9216C2C}.Release|Default.Deploy.0 = Release
	EndGlobalSection
	GlobalSection(SolutionProperties) = preSolution
		HideSolutionNode = FALSE
	EndGlobalSection
	GlobalSection(ExtensibilityGlobals) = postSolution
		SolutionGuid = {471F0DBA-0059-4BE8-927B-EC65349D2464}
	EndGlobalSection
	GlobalSection(TeamFoundationVersionControl) = preSolution
		SccNumberOfProjects = 2
		SccEnterpriseProvider = {4CA58AB2-18FA-4F8D-95D4-32DDF27D184C}
		SccTeamFoundationServer = http://svr-liv-tfs-02:8080/tfs/defaultcollection
		SccLocalPath0 = .
		SccProjectUniqueName1 = Healthcare\\Healthcare.rptproj
		SccProjectName1 = Healthcare
		SccLocalPath1 = Healthcare
	EndGlobalSection
EndGlobal
