
Microsoft Visual Studio Solution File, Format Version 12.00
# Visual Studio 15
VisualStudioVersion = 15.0.28307.106
MinimumVisualStudioVersion = 10.0.40219.1
Project("{F14B399A-7131-4C87-9E4B-1186C45EF12D}") = "Client Reports", "Client Reports\Client Reports.rptproj", "{FDCEBCF6-4B6F-46E8-B2D2-6EC819829F48}"
EndProject
Project("{F14B399A-7131-4C87-9E4B-1186C45EF12D}") = "Ageas", "Ageas\Ageas.rptproj", "{6F58BDA0-FB87-4ABF-8F80-8989A3E8D068}"
EndProject
Project("{F14B399A-7131-4C87-9E4B-1186C45EF12D}") = "Aggregate", "Aggregate\Aggregate.rptproj", "{25C6C600-E232-44E0-8ADA-7E6E67A6CF33}"
EndProject
Project("{F14B399A-7131-4C87-9E4B-1186C45EF12D}") = "AIG", "AIG\AIG.rptproj", "{F099F3EA-6068-421F-8A4B-BCC807E8DB16}"
EndProject
Project("{F14B399A-7131-4C87-9E4B-1186C45EF12D}") = "APUC", "APUC\APUC.rptproj", "{1C392E77-A603-4B67-AA11-13F931597876}"
EndProject
Project("{F14B399A-7131-4C87-9E4B-1186C45EF12D}") = "AS Watson", "AS Watson\AS Watson.rptproj", "{4ED565F3-685A-4951-BE3D-B0357DEA5204}"
EndProject
Project("{F14B399A-7131-4C87-9E4B-1186C45EF12D}") = "Aviva", "Aviva\Aviva.rptproj", "{205DA741-82CA-49C8-B4FD-3CA3ED637448}"
EndProject
Project("{F14B399A-7131-4C87-9E4B-1186C45EF12D}") = "Axa", "Axa\Axa.rptproj", "{8693B45B-28B0-4578-B3AF-75DCDCCDC0DC}"
EndProject
Project("{F14B399A-7131-4C87-9E4B-1186C45EF12D}") = "BAI", "BAI\BAI.rptproj", "{B739E7C8-1834-455F-BCFD-7FEE1E197474}"
EndProject
Project("{F14B399A-7131-4C87-9E4B-1186C45EF12D}") = "Broadspire", "Broadspire\Broadspire.rptproj", "{8CD46417-1725-43F9-AA55-2283C7C6CEF4}"
EndProject
Project("{F14B399A-7131-4C87-9E4B-1186C45EF12D}") = "Bruntwood", "Bruntwood\Bruntwood.rptproj", "{8DF9ADD3-5EC7-4B28-82D9-6C3BB808C6AD}"
EndProject
Project("{F14B399A-7131-4C87-9E4B-1186C45EF12D}") = "Cabinet", "Cabinet\Cabinet.rptproj", "{1210E1DC-0216-4401-AA35-35742B542206}"
EndProject
Project("{F14B399A-7131-4C87-9E4B-1186C45EF12D}") = "Capita", "Capita\Capita.rptproj", "{650C8C81-D2F6-4E7D-9310-D48234237FC3}"
EndProject
Project("{F14B399A-7131-4C87-9E4B-1186C45EF12D}") = "Certas", "Certas\Certas.rptproj", "{4EE4FD7A-31CE-440E-8928-664BE3F0CC49}"
EndProject
Project("{F14B399A-7131-4C87-9E4B-1186C45EF12D}") = "CFC", "CFC\CFC.rptproj", "{10133FB2-2157-44CA-B336-5F3C2FCF27FF}"
EndProject
Project("{F14B399A-7131-4C87-9E4B-1186C45EF12D}") = "Chester Street", "Chester Street\Chester Street.rptproj", "{7FEDA0B2-7211-4931-8247-67201908C84E}"
EndProject
Project("{F14B399A-7131-4C87-9E4B-1186C45EF12D}") = "Clarion", "Clarion\Clarion.rptproj", "{FB8981F8-B425-41F3-9449-6F94E73C1DD8}"
EndProject
Project("{F14B399A-7131-4C87-9E4B-1186C45EF12D}") = "Client Relationships", "Client Relationships\Client Relationships.rptproj", "{F7716F30-9868-4FD4-BF35-7CA3712E6F87}"
EndProject
Project("{F14B399A-7131-4C87-9E4B-1186C45EF12D}") = "Collingwood", "Collingwood\Collingwood.rptproj", "{14D65D76-B10D-44A8-804E-16A3E0DD2EDE}"
EndProject
Project("{F14B399A-7131-4C87-9E4B-1186C45EF12D}") = "Connect Group", "Connect Group\Connect Group.rptproj", "{5AF88BCF-7F1C-41F9-9994-E0D12E9195AB}"
EndProject
Project("{F14B399A-7131-4C87-9E4B-1186C45EF12D}") = "Contactsure", "Contactsure\Contactsure.rptproj", "{9AA55DAD-03D5-4A19-92E3-97B8C5676F78}"
EndProject
Project("{F14B399A-7131-4C87-9E4B-1186C45EF12D}") = "Co-Op", "Co-Op\Co-Op.rptproj", "{A1A80587-D212-4487-BD61-DD2C6222FB29}"
EndProject
Project("{F14B399A-7131-4C87-9E4B-1186C45EF12D}") = "Co-Op Insurance", "Co-Op Insurance\Co-Op Insurance.rptproj", "{1E8DB984-BDB7-48C3-9F63-780AB02311DE}"
EndProject
Project("{F14B399A-7131-4C87-9E4B-1186C45EF12D}") = "Covea", "Covea\Covea.rptproj", "{023B3E8A-0386-4753-9746-E6B46CD1C88B}"
EndProject
Project("{F14B399A-7131-4C87-9E4B-1186C45EF12D}") = "DHL", "DHL\DHL.rptproj", "{B823EAF3-DB2D-47FE-BC04-BB02DE5A02EC}"
EndProject
Project("{F14B399A-7131-4C87-9E4B-1186C45EF12D}") = "Endsleigh", "Endsleigh\Endsleigh.rptproj", "{E452BAB5-4D24-4034-84F5-3CA1F9615A07}"
EndProject
Project("{F14B399A-7131-4C87-9E4B-1186C45EF12D}") = "Gallagher Bassett", "Gallagher Bassett\Gallagher Bassett.rptproj", "{FA6E37ED-4B9E-42E6-B1B7-47148666F901}"
EndProject
Project("{F14B399A-7131-4C87-9E4B-1186C45EF12D}") = "Go Ahead", "Go Ahead\Go Ahead.rptproj", "{1BB79FCA-48EC-4C47-9469-01BD78FDE5E9}"
EndProject
Project("{F14B399A-7131-4C87-9E4B-1186C45EF12D}") = "Greene King", "Greene King\Greene King.rptproj", "{AAD92F2A-2E9A-42CD-9CBC-10F6CAA2EC96}"
EndProject
Project("{F14B399A-7131-4C87-9E4B-1186C45EF12D}") = "Guinness", "Guinness\Guinness.rptproj", "{1E53E67D-F9AC-499A-91B3-8746630F7B65}"
EndProject
Project("{F14B399A-7131-4C87-9E4B-1186C45EF12D}") = "HTE", "HTE\HTE.rptproj", "{FB7CF944-B993-471F-B19B-02346A716E27}"
EndProject
Project("{F14B399A-7131-4C87-9E4B-1186C45EF12D}") = "JCB", "JCB\JCB.rptproj", "{AA853558-C5ED-420B-9A1C-CF05A1BA00D2}"
EndProject
Project("{F14B399A-7131-4C87-9E4B-1186C45EF12D}") = "Leicestershire Partnership NHS Trust", "Leicestershire Partnership NHS Trust\Leicestershire Partnership NHS Trust.rptproj", "{F900B7EA-450E-48B7-BF63-694207400B16}"
EndProject
Project("{F14B399A-7131-4C87-9E4B-1186C45EF12D}") = "Met Police", "Met Police\Met Police.rptproj", "{CA488ED7-7774-442D-868B-F8EC401864F6}"
EndProject
Project("{F14B399A-7131-4C87-9E4B-1186C45EF12D}") = "MIB", "MIB\MIB.rptproj", "{7995353E-93A8-403F-8826-B1D3649A0E81}"
EndProject
Project("{F14B399A-7131-4C87-9E4B-1186C45EF12D}") = "MMI", "MMI\MMI.rptproj", "{42FFBCDA-27E8-43D9-BF32-A28BE57A47F5}"
EndProject
Project("{F14B399A-7131-4C87-9E4B-1186C45EF12D}") = "Municipal Mutual", "Municipal Mutual\Municipal Mutual.rptproj", "{6DD008BF-9EB0-4CE0-BBA2-C128C4DCC1EE}"
EndProject
Project("{F14B399A-7131-4C87-9E4B-1186C45EF12D}") = "NHSR", "NHSR\NHSR.rptproj", "{795EE07F-DA07-48FE-96B8-4C5F6EE744D2}"
EndProject
Project("{F14B399A-7131-4C87-9E4B-1186C45EF12D}") = "NOECPC", "NOECPC\NOECPC.rptproj", "{0718093F-B830-4A6E-B39A-BAE4C4761B7F}"
EndProject
Project("{F14B399A-7131-4C87-9E4B-1186C45EF12D}") = "Octogan", "Octogan\Octogan.rptproj", "{67794720-C42E-4ABB-87B3-57DEA1A064AB}"
EndProject
Project("{F14B399A-7131-4C87-9E4B-1186C45EF12D}") = "Peel Ports", "Peel Ports\Peel Ports.rptproj", "{59B02023-9F51-40A9-8715-0320AE57293D}"
EndProject
Project("{F14B399A-7131-4C87-9E4B-1186C45EF12D}") = "Plus Dane", "Plus Dane\Plus Dane.rptproj", "{9CB03600-17F0-4BCC-8F65-B0EA1ABBBE02}"
EndProject
Project("{F14B399A-7131-4C87-9E4B-1186C45EF12D}") = "Police", "Police\Police.rptproj", "{7C164C3E-86C1-41AA-8B05-2260CC771016}"
EndProject
Project("{F14B399A-7131-4C87-9E4B-1186C45EF12D}") = "Rexel", "Rexel\Rexel.rptproj", "{DD72C70C-5815-4C0D-B741-C36F7DC16316}"
EndProject
Project("{F14B399A-7131-4C87-9E4B-1186C45EF12D}") = "Riverside", "Riverside\Riverside.rptproj", "{F8DC2277-20C0-499D-BA2C-3D0E6E7388D3}"
EndProject
Project("{F14B399A-7131-4C87-9E4B-1186C45EF12D}") = "RMG", "RMG\RMG.rptproj", "{D4EB0E56-5039-4207-9A71-3CAE9335AFCD}"
EndProject
Project("{F14B399A-7131-4C87-9E4B-1186C45EF12D}") = "RSA", "RSA\RSA.rptproj", "{91ED3C67-CB44-4593-ABB0-EF826014206F}"
EndProject
Project("{F14B399A-7131-4C87-9E4B-1186C45EF12D}") = "Sabre", "Sabre\Sabre.rptproj", "{A2B7E994-413C-4430-89F5-CD590D9CC6EC}"
EndProject
Project("{F14B399A-7131-4C87-9E4B-1186C45EF12D}") = "Servisair", "Servisair\Servisair.rptproj", "{D637DC1F-29DC-476E-9716-6EB8E78E0497}"
EndProject
Project("{F14B399A-7131-4C87-9E4B-1186C45EF12D}") = "Severn Trent", "Severn Trent\Severn Trent.rptproj", "{29AB5AE0-C5B3-462D-859A-277E58CCEF97}"
EndProject
Project("{F14B399A-7131-4C87-9E4B-1186C45EF12D}") = "TGIF", "TGIF\TGIF.rptproj", "{47891102-20DF-43C9-9D7A-514DDD8A8B5E}"
EndProject
Project("{F14B399A-7131-4C87-9E4B-1186C45EF12D}") = "TMKIS", "TMKIS\TMKIS.rptproj", "{F27700AC-A5F9-42B7-80F4-47E3EC84D838}"
EndProject
Project("{F14B399A-7131-4C87-9E4B-1186C45EF12D}") = "Torus 62", "Torus 62\Torus 62.rptproj", "{1EA4AAAE-5D09-44C5-A024-284685429C54}"
EndProject
Project("{F14B399A-7131-4C87-9E4B-1186C45EF12D}") = "Travelers", "Travelers\Travelers.rptproj", "{E38C58B4-A984-4E66-9621-A0088436C07D}"
EndProject
Project("{F14B399A-7131-4C87-9E4B-1186C45EF12D}") = "Tuffnells", "Tuffnells\Tuffnells.rptproj", "{A86C641C-2AE0-4520-BEF6-82190770542F}"
EndProject
Project("{F14B399A-7131-4C87-9E4B-1186C45EF12D}") = "Van Ameyde", "Van Ameyde\Van Ameyde.rptproj", "{7CE77A65-C22C-440D-AB05-ED5392087A92}"
EndProject
Project("{F14B399A-7131-4C87-9E4B-1186C45EF12D}") = "Veolia", "Veolia\Veolia.rptproj", "{90ADB055-04D2-440F-9357-373C37DFD08B}"
EndProject
Project("{F14B399A-7131-4C87-9E4B-1186C45EF12D}") = "Vinci", "Vinci\Vinci.rptproj", "{81619747-7F94-438E-A127-6C477FA26059}"
EndProject
Project("{F14B399A-7131-4C87-9E4B-1186C45EF12D}") = "Whitbread", "Whitbread\Whitbread.rptproj", "{DD168DC4-4462-4550-AB9C-C49A3B750BC6}"
EndProject
Project("{F14B399A-7131-4C87-9E4B-1186C45EF12D}") = "Zurich", "Zurich\Zurich.rptproj", "{962F0960-FB8D-4AE4-BB39-FE9DC4ADC6E6}"
EndProject
Project("{F14B399A-7131-4C87-9E4B-1186C45EF12D}") = "Leeds City Council", "Leeds City Council\Leeds City Council.rptproj", "{C074BF4E-286C-4D8B-89D0-AA0F55B85545}"
EndProject
Project("{F14B399A-7131-4C87-9E4B-1186C45EF12D}") = "Armour", "Armour\Armour.rptproj", "{399113B9-74FD-4B6E-A2FB-1AC65B026424}"
EndProject
Project("{F14B399A-7131-4C87-9E4B-1186C45EF12D}") = "1st Central", "1st Central\1st Central.rptproj", "{439D949C-445D-49DD-98A6-777475BBA09B}"
EndProject
Project("{F14B399A-7131-4C87-9E4B-1186C45EF12D}") = "Midland Heart", "Midland Heart\Midland Heart.rptproj", "{1DBEA1EF-40B7-4264-B60F-CA3E25B99CE9}"
EndProject
Project("{F14B399A-7131-4C87-9E4B-1186C45EF12D}") = "Lancaster University", "Lancaster University\Lancaster University.rptproj", "{560DAFFC-083C-480B-A54C-2F230DC6274B}"
EndProject
Global
	GlobalSection(SolutionConfigurationPlatforms) = preSolution
		Debug|Default = Debug|Default
		DebugLocal|Default = DebugLocal|Default
		Release|Default = Release|Default
	EndGlobalSection
	GlobalSection(ProjectConfigurationPlatforms) = postSolution
		{FDCEBCF6-4B6F-46E8-B2D2-6EC819829F48}.Debug|Default.ActiveCfg = Debug
		{FDCEBCF6-4B6F-46E8-B2D2-6EC819829F48}.Debug|Default.Build.0 = Debug
		{FDCEBCF6-4B6F-46E8-B2D2-6EC819829F48}.Debug|Default.Deploy.0 = Debug
		{FDCEBCF6-4B6F-46E8-B2D2-6EC819829F48}.DebugLocal|Default.ActiveCfg = DebugLocal
		{FDCEBCF6-4B6F-46E8-B2D2-6EC819829F48}.DebugLocal|Default.Build.0 = DebugLocal
		{FDCEBCF6-4B6F-46E8-B2D2-6EC819829F48}.Release|Default.ActiveCfg = Release
		{FDCEBCF6-4B6F-46E8-B2D2-6EC819829F48}.Release|Default.Build.0 = Release
		{FDCEBCF6-4B6F-46E8-B2D2-6EC819829F48}.Release|Default.Deploy.0 = Release
		{6F58BDA0-FB87-4ABF-8F80-8989A3E8D068}.Debug|Default.ActiveCfg = Debug
		{6F58BDA0-FB87-4ABF-8F80-8989A3E8D068}.Debug|Default.Build.0 = Debug
		{6F58BDA0-FB87-4ABF-8F80-8989A3E8D068}.Debug|Default.Deploy.0 = Debug
		{6F58BDA0-FB87-4ABF-8F80-8989A3E8D068}.DebugLocal|Default.ActiveCfg = DebugLocal
		{6F58BDA0-FB87-4ABF-8F80-8989A3E8D068}.DebugLocal|Default.Build.0 = DebugLocal
		{6F58BDA0-FB87-4ABF-8F80-8989A3E8D068}.Release|Default.ActiveCfg = Release
		{6F58BDA0-FB87-4ABF-8F80-8989A3E8D068}.Release|Default.Build.0 = Release
		{6F58BDA0-FB87-4ABF-8F80-8989A3E8D068}.Release|Default.Deploy.0 = Release
		{25C6C600-E232-44E0-8ADA-7E6E67A6CF33}.Debug|Default.ActiveCfg = Debug
		{25C6C600-E232-44E0-8ADA-7E6E67A6CF33}.Debug|Default.Build.0 = Debug
		{25C6C600-E232-44E0-8ADA-7E6E67A6CF33}.Debug|Default.Deploy.0 = Debug
		{25C6C600-E232-44E0-8ADA-7E6E67A6CF33}.DebugLocal|Default.ActiveCfg = DebugLocal
		{25C6C600-E232-44E0-8ADA-7E6E67A6CF33}.DebugLocal|Default.Build.0 = DebugLocal
		{25C6C600-E232-44E0-8ADA-7E6E67A6CF33}.Release|Default.ActiveCfg = Release
		{25C6C600-E232-44E0-8ADA-7E6E67A6CF33}.Release|Default.Build.0 = Release
		{25C6C600-E232-44E0-8ADA-7E6E67A6CF33}.Release|Default.Deploy.0 = Release
		{F099F3EA-6068-421F-8A4B-BCC807E8DB16}.Debug|Default.ActiveCfg = Debug
		{F099F3EA-6068-421F-8A4B-BCC807E8DB16}.Debug|Default.Build.0 = Debug
		{F099F3EA-6068-421F-8A4B-BCC807E8DB16}.Debug|Default.Deploy.0 = Debug
		{F099F3EA-6068-421F-8A4B-BCC807E8DB16}.DebugLocal|Default.ActiveCfg = DebugLocal
		{F099F3EA-6068-421F-8A4B-BCC807E8DB16}.DebugLocal|Default.Build.0 = DebugLocal
		{F099F3EA-6068-421F-8A4B-BCC807E8DB16}.Release|Default.ActiveCfg = Release
		{F099F3EA-6068-421F-8A4B-BCC807E8DB16}.Release|Default.Build.0 = Release
		{F099F3EA-6068-421F-8A4B-BCC807E8DB16}.Release|Default.Deploy.0 = Release
		{1C392E77-A603-4B67-AA11-13F931597876}.Debug|Default.ActiveCfg = Debug
		{1C392E77-A603-4B67-AA11-13F931597876}.Debug|Default.Build.0 = Debug
		{1C392E77-A603-4B67-AA11-13F931597876}.Debug|Default.Deploy.0 = Debug
		{1C392E77-A603-4B67-AA11-13F931597876}.DebugLocal|Default.ActiveCfg = DebugLocal
		{1C392E77-A603-4B67-AA11-13F931597876}.DebugLocal|Default.Build.0 = DebugLocal
		{1C392E77-A603-4B67-AA11-13F931597876}.Release|Default.ActiveCfg = Release
		{1C392E77-A603-4B67-AA11-13F931597876}.Release|Default.Build.0 = Release
		{1C392E77-A603-4B67-AA11-13F931597876}.Release|Default.Deploy.0 = Release
		{4ED565F3-685A-4951-BE3D-B0357DEA5204}.Debug|Default.ActiveCfg = Debug
		{4ED565F3-685A-4951-BE3D-B0357DEA5204}.Debug|Default.Build.0 = Debug
		{4ED565F3-685A-4951-BE3D-B0357DEA5204}.Debug|Default.Deploy.0 = Debug
		{4ED565F3-685A-4951-BE3D-B0357DEA5204}.DebugLocal|Default.ActiveCfg = DebugLocal
		{4ED565F3-685A-4951-BE3D-B0357DEA5204}.DebugLocal|Default.Build.0 = DebugLocal
		{4ED565F3-685A-4951-BE3D-B0357DEA5204}.Release|Default.ActiveCfg = Release
		{4ED565F3-685A-4951-BE3D-B0357DEA5204}.Release|Default.Build.0 = Release
		{4ED565F3-685A-4951-BE3D-B0357DEA5204}.Release|Default.Deploy.0 = Release
		{205DA741-82CA-49C8-B4FD-3CA3ED637448}.Debug|Default.ActiveCfg = Debug
		{205DA741-82CA-49C8-B4FD-3CA3ED637448}.Debug|Default.Build.0 = Debug
		{205DA741-82CA-49C8-B4FD-3CA3ED637448}.Debug|Default.Deploy.0 = Debug
		{205DA741-82CA-49C8-B4FD-3CA3ED637448}.DebugLocal|Default.ActiveCfg = DebugLocal
		{205DA741-82CA-49C8-B4FD-3CA3ED637448}.DebugLocal|Default.Build.0 = DebugLocal
		{205DA741-82CA-49C8-B4FD-3CA3ED637448}.Release|Default.ActiveCfg = Release
		{205DA741-82CA-49C8-B4FD-3CA3ED637448}.Release|Default.Build.0 = Release
		{205DA741-82CA-49C8-B4FD-3CA3ED637448}.Release|Default.Deploy.0 = Release
		{8693B45B-28B0-4578-B3AF-75DCDCCDC0DC}.Debug|Default.ActiveCfg = Debug
		{8693B45B-28B0-4578-B3AF-75DCDCCDC0DC}.Debug|Default.Build.0 = Debug
		{8693B45B-28B0-4578-B3AF-75DCDCCDC0DC}.Debug|Default.Deploy.0 = Debug
		{8693B45B-28B0-4578-B3AF-75DCDCCDC0DC}.DebugLocal|Default.ActiveCfg = DebugLocal
		{8693B45B-28B0-4578-B3AF-75DCDCCDC0DC}.DebugLocal|Default.Build.0 = DebugLocal
		{8693B45B-28B0-4578-B3AF-75DCDCCDC0DC}.Release|Default.ActiveCfg = Release
		{8693B45B-28B0-4578-B3AF-75DCDCCDC0DC}.Release|Default.Build.0 = Release
		{8693B45B-28B0-4578-B3AF-75DCDCCDC0DC}.Release|Default.Deploy.0 = Release
		{B739E7C8-1834-455F-BCFD-7FEE1E197474}.Debug|Default.ActiveCfg = Debug
		{B739E7C8-1834-455F-BCFD-7FEE1E197474}.Debug|Default.Build.0 = Debug
		{B739E7C8-1834-455F-BCFD-7FEE1E197474}.Debug|Default.Deploy.0 = Debug
		{B739E7C8-1834-455F-BCFD-7FEE1E197474}.DebugLocal|Default.ActiveCfg = DebugLocal
		{B739E7C8-1834-455F-BCFD-7FEE1E197474}.DebugLocal|Default.Build.0 = DebugLocal
		{B739E7C8-1834-455F-BCFD-7FEE1E197474}.Release|Default.ActiveCfg = Release
		{B739E7C8-1834-455F-BCFD-7FEE1E197474}.Release|Default.Build.0 = Release
		{B739E7C8-1834-455F-BCFD-7FEE1E197474}.Release|Default.Deploy.0 = Release
		{8CD46417-1725-43F9-AA55-2283C7C6CEF4}.Debug|Default.ActiveCfg = Debug
		{8CD46417-1725-43F9-AA55-2283C7C6CEF4}.Debug|Default.Build.0 = Debug
		{8CD46417-1725-43F9-AA55-2283C7C6CEF4}.Debug|Default.Deploy.0 = Debug
		{8CD46417-1725-43F9-AA55-2283C7C6CEF4}.DebugLocal|Default.ActiveCfg = DebugLocal
		{8CD46417-1725-43F9-AA55-2283C7C6CEF4}.DebugLocal|Default.Build.0 = DebugLocal
		{8CD46417-1725-43F9-AA55-2283C7C6CEF4}.Release|Default.ActiveCfg = Release
		{8CD46417-1725-43F9-AA55-2283C7C6CEF4}.Release|Default.Build.0 = Release
		{8CD46417-1725-43F9-AA55-2283C7C6CEF4}.Release|Default.Deploy.0 = Release
		{8DF9ADD3-5EC7-4B28-82D9-6C3BB808C6AD}.Debug|Default.ActiveCfg = Debug
		{8DF9ADD3-5EC7-4B28-82D9-6C3BB808C6AD}.Debug|Default.Build.0 = Debug
		{8DF9ADD3-5EC7-4B28-82D9-6C3BB808C6AD}.Debug|Default.Deploy.0 = Debug
		{8DF9ADD3-5EC7-4B28-82D9-6C3BB808C6AD}.DebugLocal|Default.ActiveCfg = DebugLocal
		{8DF9ADD3-5EC7-4B28-82D9-6C3BB808C6AD}.DebugLocal|Default.Build.0 = DebugLocal
		{8DF9ADD3-5EC7-4B28-82D9-6C3BB808C6AD}.Release|Default.ActiveCfg = Release
		{8DF9ADD3-5EC7-4B28-82D9-6C3BB808C6AD}.Release|Default.Build.0 = Release
		{8DF9ADD3-5EC7-4B28-82D9-6C3BB808C6AD}.Release|Default.Deploy.0 = Release
		{1210E1DC-0216-4401-AA35-35742B542206}.Debug|Default.ActiveCfg = Debug
		{1210E1DC-0216-4401-AA35-35742B542206}.Debug|Default.Build.0 = Debug
		{1210E1DC-0216-4401-AA35-35742B542206}.Debug|Default.Deploy.0 = Debug
		{1210E1DC-0216-4401-AA35-35742B542206}.DebugLocal|Default.ActiveCfg = DebugLocal
		{1210E1DC-0216-4401-AA35-35742B542206}.DebugLocal|Default.Build.0 = DebugLocal
		{1210E1DC-0216-4401-AA35-35742B542206}.Release|Default.ActiveCfg = Release
		{1210E1DC-0216-4401-AA35-35742B542206}.Release|Default.Build.0 = Release
		{1210E1DC-0216-4401-AA35-35742B542206}.Release|Default.Deploy.0 = Release
		{650C8C81-D2F6-4E7D-9310-D48234237FC3}.Debug|Default.ActiveCfg = Debug
		{650C8C81-D2F6-4E7D-9310-D48234237FC3}.Debug|Default.Build.0 = Debug
		{650C8C81-D2F6-4E7D-9310-D48234237FC3}.Debug|Default.Deploy.0 = Debug
		{650C8C81-D2F6-4E7D-9310-D48234237FC3}.DebugLocal|Default.ActiveCfg = DebugLocal
		{650C8C81-D2F6-4E7D-9310-D48234237FC3}.DebugLocal|Default.Build.0 = DebugLocal
		{650C8C81-D2F6-4E7D-9310-D48234237FC3}.Release|Default.ActiveCfg = Release
		{650C8C81-D2F6-4E7D-9310-D48234237FC3}.Release|Default.Build.0 = Release
		{650C8C81-D2F6-4E7D-9310-D48234237FC3}.Release|Default.Deploy.0 = Release
		{4EE4FD7A-31CE-440E-8928-664BE3F0CC49}.Debug|Default.ActiveCfg = Debug
		{4EE4FD7A-31CE-440E-8928-664BE3F0CC49}.Debug|Default.Build.0 = Debug
		{4EE4FD7A-31CE-440E-8928-664BE3F0CC49}.Debug|Default.Deploy.0 = Debug
		{4EE4FD7A-31CE-440E-8928-664BE3F0CC49}.DebugLocal|Default.ActiveCfg = DebugLocal
		{4EE4FD7A-31CE-440E-8928-664BE3F0CC49}.DebugLocal|Default.Build.0 = DebugLocal
		{4EE4FD7A-31CE-440E-8928-664BE3F0CC49}.Release|Default.ActiveCfg = Release
		{4EE4FD7A-31CE-440E-8928-664BE3F0CC49}.Release|Default.Build.0 = Release
		{4EE4FD7A-31CE-440E-8928-664BE3F0CC49}.Release|Default.Deploy.0 = Release
		{10133FB2-2157-44CA-B336-5F3C2FCF27FF}.Debug|Default.ActiveCfg = Debug
		{10133FB2-2157-44CA-B336-5F3C2FCF27FF}.Debug|Default.Build.0 = Debug
		{10133FB2-2157-44CA-B336-5F3C2FCF27FF}.Debug|Default.Deploy.0 = Debug
		{10133FB2-2157-44CA-B336-5F3C2FCF27FF}.DebugLocal|Default.ActiveCfg = DebugLocal
		{10133FB2-2157-44CA-B336-5F3C2FCF27FF}.DebugLocal|Default.Build.0 = DebugLocal
		{10133FB2-2157-44CA-B336-5F3C2FCF27FF}.Release|Default.ActiveCfg = Release
		{10133FB2-2157-44CA-B336-5F3C2FCF27FF}.Release|Default.Build.0 = Release
		{10133FB2-2157-44CA-B336-5F3C2FCF27FF}.Release|Default.Deploy.0 = Release
		{7FEDA0B2-7211-4931-8247-67201908C84E}.Debug|Default.ActiveCfg = Debug
		{7FEDA0B2-7211-4931-8247-67201908C84E}.Debug|Default.Build.0 = Debug
		{7FEDA0B2-7211-4931-8247-67201908C84E}.Debug|Default.Deploy.0 = Debug
		{7FEDA0B2-7211-4931-8247-67201908C84E}.DebugLocal|Default.ActiveCfg = DebugLocal
		{7FEDA0B2-7211-4931-8247-67201908C84E}.DebugLocal|Default.Build.0 = DebugLocal
		{7FEDA0B2-7211-4931-8247-67201908C84E}.Release|Default.ActiveCfg = Release
		{7FEDA0B2-7211-4931-8247-67201908C84E}.Release|Default.Build.0 = Release
		{7FEDA0B2-7211-4931-8247-67201908C84E}.Release|Default.Deploy.0 = Release
		{FB8981F8-B425-41F3-9449-6F94E73C1DD8}.Debug|Default.ActiveCfg = Debug
		{FB8981F8-B425-41F3-9449-6F94E73C1DD8}.Debug|Default.Build.0 = Debug
		{FB8981F8-B425-41F3-9449-6F94E73C1DD8}.Debug|Default.Deploy.0 = Debug
		{FB8981F8-B425-41F3-9449-6F94E73C1DD8}.DebugLocal|Default.ActiveCfg = DebugLocal
		{FB8981F8-B425-41F3-9449-6F94E73C1DD8}.DebugLocal|Default.Build.0 = DebugLocal
		{FB8981F8-B425-41F3-9449-6F94E73C1DD8}.Release|Default.ActiveCfg = Release
		{FB8981F8-B425-41F3-9449-6F94E73C1DD8}.Release|Default.Build.0 = Release
		{FB8981F8-B425-41F3-9449-6F94E73C1DD8}.Release|Default.Deploy.0 = Release
		{F7716F30-9868-4FD4-BF35-7CA3712E6F87}.Debug|Default.ActiveCfg = Debug
		{F7716F30-9868-4FD4-BF35-7CA3712E6F87}.Debug|Default.Build.0 = Debug
		{F7716F30-9868-4FD4-BF35-7CA3712E6F87}.Debug|Default.Deploy.0 = Debug
		{F7716F30-9868-4FD4-BF35-7CA3712E6F87}.DebugLocal|Default.ActiveCfg = DebugLocal
		{F7716F30-9868-4FD4-BF35-7CA3712E6F87}.DebugLocal|Default.Build.0 = DebugLocal
		{F7716F30-9868-4FD4-BF35-7CA3712E6F87}.Release|Default.ActiveCfg = Release
		{F7716F30-9868-4FD4-BF35-7CA3712E6F87}.Release|Default.Build.0 = Release
		{F7716F30-9868-4FD4-BF35-7CA3712E6F87}.Release|Default.Deploy.0 = Release
		{14D65D76-B10D-44A8-804E-16A3E0DD2EDE}.Debug|Default.ActiveCfg = Debug
		{14D65D76-B10D-44A8-804E-16A3E0DD2EDE}.Debug|Default.Build.0 = Debug
		{14D65D76-B10D-44A8-804E-16A3E0DD2EDE}.Debug|Default.Deploy.0 = Debug
		{14D65D76-B10D-44A8-804E-16A3E0DD2EDE}.DebugLocal|Default.ActiveCfg = DebugLocal
		{14D65D76-B10D-44A8-804E-16A3E0DD2EDE}.DebugLocal|Default.Build.0 = DebugLocal
		{14D65D76-B10D-44A8-804E-16A3E0DD2EDE}.Release|Default.ActiveCfg = Release
		{14D65D76-B10D-44A8-804E-16A3E0DD2EDE}.Release|Default.Build.0 = Release
		{14D65D76-B10D-44A8-804E-16A3E0DD2EDE}.Release|Default.Deploy.0 = Release
		{5AF88BCF-7F1C-41F9-9994-E0D12E9195AB}.Debug|Default.ActiveCfg = Debug
		{5AF88BCF-7F1C-41F9-9994-E0D12E9195AB}.Debug|Default.Build.0 = Debug
		{5AF88BCF-7F1C-41F9-9994-E0D12E9195AB}.Debug|Default.Deploy.0 = Debug
		{5AF88BCF-7F1C-41F9-9994-E0D12E9195AB}.DebugLocal|Default.ActiveCfg = DebugLocal
		{5AF88BCF-7F1C-41F9-9994-E0D12E9195AB}.DebugLocal|Default.Build.0 = DebugLocal
		{5AF88BCF-7F1C-41F9-9994-E0D12E9195AB}.Release|Default.ActiveCfg = Release
		{5AF88BCF-7F1C-41F9-9994-E0D12E9195AB}.Release|Default.Build.0 = Release
		{5AF88BCF-7F1C-41F9-9994-E0D12E9195AB}.Release|Default.Deploy.0 = Release
		{9AA55DAD-03D5-4A19-92E3-97B8C5676F78}.Debug|Default.ActiveCfg = Debug
		{9AA55DAD-03D5-4A19-92E3-97B8C5676F78}.Debug|Default.Build.0 = Debug
		{9AA55DAD-03D5-4A19-92E3-97B8C5676F78}.Debug|Default.Deploy.0 = Debug
		{9AA55DAD-03D5-4A19-92E3-97B8C5676F78}.DebugLocal|Default.ActiveCfg = DebugLocal
		{9AA55DAD-03D5-4A19-92E3-97B8C5676F78}.DebugLocal|Default.Build.0 = DebugLocal
		{9AA55DAD-03D5-4A19-92E3-97B8C5676F78}.Release|Default.ActiveCfg = Release
		{9AA55DAD-03D5-4A19-92E3-97B8C5676F78}.Release|Default.Build.0 = Release
		{9AA55DAD-03D5-4A19-92E3-97B8C5676F78}.Release|Default.Deploy.0 = Release
		{A1A80587-D212-4487-BD61-DD2C6222FB29}.Debug|Default.ActiveCfg = Debug
		{A1A80587-D212-4487-BD61-DD2C6222FB29}.Debug|Default.Build.0 = Debug
		{A1A80587-D212-4487-BD61-DD2C6222FB29}.Debug|Default.Deploy.0 = Debug
		{A1A80587-D212-4487-BD61-DD2C6222FB29}.DebugLocal|Default.ActiveCfg = DebugLocal
		{A1A80587-D212-4487-BD61-DD2C6222FB29}.DebugLocal|Default.Build.0 = DebugLocal
		{A1A80587-D212-4487-BD61-DD2C6222FB29}.Release|Default.ActiveCfg = Release
		{A1A80587-D212-4487-BD61-DD2C6222FB29}.Release|Default.Build.0 = Release
		{A1A80587-D212-4487-BD61-DD2C6222FB29}.Release|Default.Deploy.0 = Release
		{1E8DB984-BDB7-48C3-9F63-780AB02311DE}.Debug|Default.ActiveCfg = Debug
		{1E8DB984-BDB7-48C3-9F63-780AB02311DE}.Debug|Default.Build.0 = Debug
		{1E8DB984-BDB7-48C3-9F63-780AB02311DE}.Debug|Default.Deploy.0 = Debug
		{1E8DB984-BDB7-48C3-9F63-780AB02311DE}.DebugLocal|Default.ActiveCfg = DebugLocal
		{1E8DB984-BDB7-48C3-9F63-780AB02311DE}.DebugLocal|Default.Build.0 = DebugLocal
		{1E8DB984-BDB7-48C3-9F63-780AB02311DE}.Release|Default.ActiveCfg = Release
		{1E8DB984-BDB7-48C3-9F63-780AB02311DE}.Release|Default.Build.0 = Release
		{1E8DB984-BDB7-48C3-9F63-780AB02311DE}.Release|Default.Deploy.0 = Release
		{023B3E8A-0386-4753-9746-E6B46CD1C88B}.Debug|Default.ActiveCfg = Debug
		{023B3E8A-0386-4753-9746-E6B46CD1C88B}.Debug|Default.Build.0 = Debug
		{023B3E8A-0386-4753-9746-E6B46CD1C88B}.Debug|Default.Deploy.0 = Debug
		{023B3E8A-0386-4753-9746-E6B46CD1C88B}.DebugLocal|Default.ActiveCfg = DebugLocal
		{023B3E8A-0386-4753-9746-E6B46CD1C88B}.DebugLocal|Default.Build.0 = DebugLocal
		{023B3E8A-0386-4753-9746-E6B46CD1C88B}.Release|Default.ActiveCfg = Release
		{023B3E8A-0386-4753-9746-E6B46CD1C88B}.Release|Default.Build.0 = Release
		{023B3E8A-0386-4753-9746-E6B46CD1C88B}.Release|Default.Deploy.0 = Release
		{B823EAF3-DB2D-47FE-BC04-BB02DE5A02EC}.Debug|Default.ActiveCfg = Debug
		{B823EAF3-DB2D-47FE-BC04-BB02DE5A02EC}.Debug|Default.Build.0 = Debug
		{B823EAF3-DB2D-47FE-BC04-BB02DE5A02EC}.Debug|Default.Deploy.0 = Debug
		{B823EAF3-DB2D-47FE-BC04-BB02DE5A02EC}.DebugLocal|Default.ActiveCfg = DebugLocal
		{B823EAF3-DB2D-47FE-BC04-BB02DE5A02EC}.DebugLocal|Default.Build.0 = DebugLocal
		{B823EAF3-DB2D-47FE-BC04-BB02DE5A02EC}.Release|Default.ActiveCfg = Release
		{B823EAF3-DB2D-47FE-BC04-BB02DE5A02EC}.Release|Default.Build.0 = Release
		{B823EAF3-DB2D-47FE-BC04-BB02DE5A02EC}.Release|Default.Deploy.0 = Release
		{E452BAB5-4D24-4034-84F5-3CA1F9615A07}.Debug|Default.ActiveCfg = Debug
		{E452BAB5-4D24-4034-84F5-3CA1F9615A07}.Debug|Default.Build.0 = Debug
		{E452BAB5-4D24-4034-84F5-3CA1F9615A07}.Debug|Default.Deploy.0 = Debug
		{E452BAB5-4D24-4034-84F5-3CA1F9615A07}.DebugLocal|Default.ActiveCfg = DebugLocal
		{E452BAB5-4D24-4034-84F5-3CA1F9615A07}.DebugLocal|Default.Build.0 = DebugLocal
		{E452BAB5-4D24-4034-84F5-3CA1F9615A07}.Release|Default.ActiveCfg = Release
		{E452BAB5-4D24-4034-84F5-3CA1F9615A07}.Release|Default.Build.0 = Release
		{E452BAB5-4D24-4034-84F5-3CA1F9615A07}.Release|Default.Deploy.0 = Release
		{FA6E37ED-4B9E-42E6-B1B7-47148666F901}.Debug|Default.ActiveCfg = Debug
		{FA6E37ED-4B9E-42E6-B1B7-47148666F901}.Debug|Default.Build.0 = Debug
		{FA6E37ED-4B9E-42E6-B1B7-47148666F901}.Debug|Default.Deploy.0 = Debug
		{FA6E37ED-4B9E-42E6-B1B7-47148666F901}.DebugLocal|Default.ActiveCfg = DebugLocal
		{FA6E37ED-4B9E-42E6-B1B7-47148666F901}.DebugLocal|Default.Build.0 = DebugLocal
		{FA6E37ED-4B9E-42E6-B1B7-47148666F901}.Release|Default.ActiveCfg = Release
		{FA6E37ED-4B9E-42E6-B1B7-47148666F901}.Release|Default.Build.0 = Release
		{FA6E37ED-4B9E-42E6-B1B7-47148666F901}.Release|Default.Deploy.0 = Release
		{1BB79FCA-48EC-4C47-9469-01BD78FDE5E9}.Debug|Default.ActiveCfg = Debug
		{1BB79FCA-48EC-4C47-9469-01BD78FDE5E9}.Debug|Default.Build.0 = Debug
		{1BB79FCA-48EC-4C47-9469-01BD78FDE5E9}.Debug|Default.Deploy.0 = Debug
		{1BB79FCA-48EC-4C47-9469-01BD78FDE5E9}.DebugLocal|Default.ActiveCfg = DebugLocal
		{1BB79FCA-48EC-4C47-9469-01BD78FDE5E9}.DebugLocal|Default.Build.0 = DebugLocal
		{1BB79FCA-48EC-4C47-9469-01BD78FDE5E9}.Release|Default.ActiveCfg = Release
		{1BB79FCA-48EC-4C47-9469-01BD78FDE5E9}.Release|Default.Build.0 = Release
		{1BB79FCA-48EC-4C47-9469-01BD78FDE5E9}.Release|Default.Deploy.0 = Release
		{AAD92F2A-2E9A-42CD-9CBC-10F6CAA2EC96}.Debug|Default.ActiveCfg = Debug
		{AAD92F2A-2E9A-42CD-9CBC-10F6CAA2EC96}.Debug|Default.Build.0 = Debug
		{AAD92F2A-2E9A-42CD-9CBC-10F6CAA2EC96}.Debug|Default.Deploy.0 = Debug
		{AAD92F2A-2E9A-42CD-9CBC-10F6CAA2EC96}.DebugLocal|Default.ActiveCfg = DebugLocal
		{AAD92F2A-2E9A-42CD-9CBC-10F6CAA2EC96}.DebugLocal|Default.Build.0 = DebugLocal
		{AAD92F2A-2E9A-42CD-9CBC-10F6CAA2EC96}.Release|Default.ActiveCfg = Release
		{AAD92F2A-2E9A-42CD-9CBC-10F6CAA2EC96}.Release|Default.Build.0 = Release
		{AAD92F2A-2E9A-42CD-9CBC-10F6CAA2EC96}.Release|Default.Deploy.0 = Release
		{1E53E67D-F9AC-499A-91B3-8746630F7B65}.Debug|Default.ActiveCfg = Debug
		{1E53E67D-F9AC-499A-91B3-8746630F7B65}.Debug|Default.Build.0 = Debug
		{1E53E67D-F9AC-499A-91B3-8746630F7B65}.Debug|Default.Deploy.0 = Debug
		{1E53E67D-F9AC-499A-91B3-8746630F7B65}.DebugLocal|Default.ActiveCfg = DebugLocal
		{1E53E67D-F9AC-499A-91B3-8746630F7B65}.DebugLocal|Default.Build.0 = DebugLocal
		{1E53E67D-F9AC-499A-91B3-8746630F7B65}.Release|Default.ActiveCfg = Release
		{1E53E67D-F9AC-499A-91B3-8746630F7B65}.Release|Default.Build.0 = Release
		{1E53E67D-F9AC-499A-91B3-8746630F7B65}.Release|Default.Deploy.0 = Release
		{FB7CF944-B993-471F-B19B-02346A716E27}.Debug|Default.ActiveCfg = Debug
		{FB7CF944-B993-471F-B19B-02346A716E27}.Debug|Default.Build.0 = Debug
		{FB7CF944-B993-471F-B19B-02346A716E27}.Debug|Default.Deploy.0 = Debug
		{FB7CF944-B993-471F-B19B-02346A716E27}.DebugLocal|Default.ActiveCfg = DebugLocal
		{FB7CF944-B993-471F-B19B-02346A716E27}.DebugLocal|Default.Build.0 = DebugLocal
		{FB7CF944-B993-471F-B19B-02346A716E27}.Release|Default.ActiveCfg = Release
		{FB7CF944-B993-471F-B19B-02346A716E27}.Release|Default.Build.0 = Release
		{FB7CF944-B993-471F-B19B-02346A716E27}.Release|Default.Deploy.0 = Release
		{AA853558-C5ED-420B-9A1C-CF05A1BA00D2}.Debug|Default.ActiveCfg = Debug
		{AA853558-C5ED-420B-9A1C-CF05A1BA00D2}.Debug|Default.Build.0 = Debug
		{AA853558-C5ED-420B-9A1C-CF05A1BA00D2}.Debug|Default.Deploy.0 = Debug
		{AA853558-C5ED-420B-9A1C-CF05A1BA00D2}.DebugLocal|Default.ActiveCfg = DebugLocal
		{AA853558-C5ED-420B-9A1C-CF05A1BA00D2}.DebugLocal|Default.Build.0 = DebugLocal
		{AA853558-C5ED-420B-9A1C-CF05A1BA00D2}.Release|Default.ActiveCfg = Release
		{AA853558-C5ED-420B-9A1C-CF05A1BA00D2}.Release|Default.Build.0 = Release
		{AA853558-C5ED-420B-9A1C-CF05A1BA00D2}.Release|Default.Deploy.0 = Release
		{F900B7EA-450E-48B7-BF63-694207400B16}.Debug|Default.ActiveCfg = Debug
		{F900B7EA-450E-48B7-BF63-694207400B16}.Debug|Default.Build.0 = Debug
		{F900B7EA-450E-48B7-BF63-694207400B16}.Debug|Default.Deploy.0 = Debug
		{F900B7EA-450E-48B7-BF63-694207400B16}.DebugLocal|Default.ActiveCfg = DebugLocal
		{F900B7EA-450E-48B7-BF63-694207400B16}.DebugLocal|Default.Build.0 = DebugLocal
		{F900B7EA-450E-48B7-BF63-694207400B16}.Release|Default.ActiveCfg = Release
		{F900B7EA-450E-48B7-BF63-694207400B16}.Release|Default.Build.0 = Release
		{F900B7EA-450E-48B7-BF63-694207400B16}.Release|Default.Deploy.0 = Release
		{CA488ED7-7774-442D-868B-F8EC401864F6}.Debug|Default.ActiveCfg = Debug
		{CA488ED7-7774-442D-868B-F8EC401864F6}.Debug|Default.Build.0 = Debug
		{CA488ED7-7774-442D-868B-F8EC401864F6}.Debug|Default.Deploy.0 = Debug
		{CA488ED7-7774-442D-868B-F8EC401864F6}.DebugLocal|Default.ActiveCfg = DebugLocal
		{CA488ED7-7774-442D-868B-F8EC401864F6}.DebugLocal|Default.Build.0 = DebugLocal
		{CA488ED7-7774-442D-868B-F8EC401864F6}.Release|Default.ActiveCfg = Release
		{CA488ED7-7774-442D-868B-F8EC401864F6}.Release|Default.Build.0 = Release
		{CA488ED7-7774-442D-868B-F8EC401864F6}.Release|Default.Deploy.0 = Release
		{7995353E-93A8-403F-8826-B1D3649A0E81}.Debug|Default.ActiveCfg = Debug
		{7995353E-93A8-403F-8826-B1D3649A0E81}.Debug|Default.Build.0 = Debug
		{7995353E-93A8-403F-8826-B1D3649A0E81}.Debug|Default.Deploy.0 = Debug
		{7995353E-93A8-403F-8826-B1D3649A0E81}.DebugLocal|Default.ActiveCfg = DebugLocal
		{7995353E-93A8-403F-8826-B1D3649A0E81}.DebugLocal|Default.Build.0 = DebugLocal
		{7995353E-93A8-403F-8826-B1D3649A0E81}.Release|Default.ActiveCfg = Release
		{7995353E-93A8-403F-8826-B1D3649A0E81}.Release|Default.Build.0 = Release
		{7995353E-93A8-403F-8826-B1D3649A0E81}.Release|Default.Deploy.0 = Release
		{42FFBCDA-27E8-43D9-BF32-A28BE57A47F5}.Debug|Default.ActiveCfg = Debug
		{42FFBCDA-27E8-43D9-BF32-A28BE57A47F5}.Debug|Default.Build.0 = Debug
		{42FFBCDA-27E8-43D9-BF32-A28BE57A47F5}.Debug|Default.Deploy.0 = Debug
		{42FFBCDA-27E8-43D9-BF32-A28BE57A47F5}.DebugLocal|Default.ActiveCfg = DebugLocal
		{42FFBCDA-27E8-43D9-BF32-A28BE57A47F5}.DebugLocal|Default.Build.0 = DebugLocal
		{42FFBCDA-27E8-43D9-BF32-A28BE57A47F5}.Release|Default.ActiveCfg = Release
		{42FFBCDA-27E8-43D9-BF32-A28BE57A47F5}.Release|Default.Build.0 = Release
		{42FFBCDA-27E8-43D9-BF32-A28BE57A47F5}.Release|Default.Deploy.0 = Release
		{6DD008BF-9EB0-4CE0-BBA2-C128C4DCC1EE}.Debug|Default.ActiveCfg = Debug
		{6DD008BF-9EB0-4CE0-BBA2-C128C4DCC1EE}.Debug|Default.Build.0 = Debug
		{6DD008BF-9EB0-4CE0-BBA2-C128C4DCC1EE}.Debug|Default.Deploy.0 = Debug
		{6DD008BF-9EB0-4CE0-BBA2-C128C4DCC1EE}.DebugLocal|Default.ActiveCfg = DebugLocal
		{6DD008BF-9EB0-4CE0-BBA2-C128C4DCC1EE}.DebugLocal|Default.Build.0 = DebugLocal
		{6DD008BF-9EB0-4CE0-BBA2-C128C4DCC1EE}.Release|Default.ActiveCfg = Release
		{6DD008BF-9EB0-4CE0-BBA2-C128C4DCC1EE}.Release|Default.Build.0 = Release
		{6DD008BF-9EB0-4CE0-BBA2-C128C4DCC1EE}.Release|Default.Deploy.0 = Release
		{795EE07F-DA07-48FE-96B8-4C5F6EE744D2}.Debug|Default.ActiveCfg = Debug
		{795EE07F-DA07-48FE-96B8-4C5F6EE744D2}.Debug|Default.Build.0 = Debug
		{795EE07F-DA07-48FE-96B8-4C5F6EE744D2}.Debug|Default.Deploy.0 = Debug
		{795EE07F-DA07-48FE-96B8-4C5F6EE744D2}.DebugLocal|Default.ActiveCfg = DebugLocal
		{795EE07F-DA07-48FE-96B8-4C5F6EE744D2}.DebugLocal|Default.Build.0 = DebugLocal
		{795EE07F-DA07-48FE-96B8-4C5F6EE744D2}.Release|Default.ActiveCfg = Release
		{795EE07F-DA07-48FE-96B8-4C5F6EE744D2}.Release|Default.Build.0 = Release
		{795EE07F-DA07-48FE-96B8-4C5F6EE744D2}.Release|Default.Deploy.0 = Release
		{0718093F-B830-4A6E-B39A-BAE4C4761B7F}.Debug|Default.ActiveCfg = Debug
		{0718093F-B830-4A6E-B39A-BAE4C4761B7F}.Debug|Default.Build.0 = Debug
		{0718093F-B830-4A6E-B39A-BAE4C4761B7F}.Debug|Default.Deploy.0 = Debug
		{0718093F-B830-4A6E-B39A-BAE4C4761B7F}.DebugLocal|Default.ActiveCfg = DebugLocal
		{0718093F-B830-4A6E-B39A-BAE4C4761B7F}.DebugLocal|Default.Build.0 = DebugLocal
		{0718093F-B830-4A6E-B39A-BAE4C4761B7F}.Release|Default.ActiveCfg = Release
		{0718093F-B830-4A6E-B39A-BAE4C4761B7F}.Release|Default.Build.0 = Release
		{0718093F-B830-4A6E-B39A-BAE4C4761B7F}.Release|Default.Deploy.0 = Release
		{67794720-C42E-4ABB-87B3-57DEA1A064AB}.Debug|Default.ActiveCfg = Debug
		{67794720-C42E-4ABB-87B3-57DEA1A064AB}.Debug|Default.Build.0 = Debug
		{67794720-C42E-4ABB-87B3-57DEA1A064AB}.Debug|Default.Deploy.0 = Debug
		{67794720-C42E-4ABB-87B3-57DEA1A064AB}.DebugLocal|Default.ActiveCfg = DebugLocal
		{67794720-C42E-4ABB-87B3-57DEA1A064AB}.DebugLocal|Default.Build.0 = DebugLocal
		{67794720-C42E-4ABB-87B3-57DEA1A064AB}.Release|Default.ActiveCfg = Release
		{67794720-C42E-4ABB-87B3-57DEA1A064AB}.Release|Default.Build.0 = Release
		{67794720-C42E-4ABB-87B3-57DEA1A064AB}.Release|Default.Deploy.0 = Release
		{59B02023-9F51-40A9-8715-0320AE57293D}.Debug|Default.ActiveCfg = Debug
		{59B02023-9F51-40A9-8715-0320AE57293D}.Debug|Default.Build.0 = Debug
		{59B02023-9F51-40A9-8715-0320AE57293D}.Debug|Default.Deploy.0 = Debug
		{59B02023-9F51-40A9-8715-0320AE57293D}.DebugLocal|Default.ActiveCfg = DebugLocal
		{59B02023-9F51-40A9-8715-0320AE57293D}.DebugLocal|Default.Build.0 = DebugLocal
		{59B02023-9F51-40A9-8715-0320AE57293D}.Release|Default.ActiveCfg = Release
		{59B02023-9F51-40A9-8715-0320AE57293D}.Release|Default.Build.0 = Release
		{59B02023-9F51-40A9-8715-0320AE57293D}.Release|Default.Deploy.0 = Release
		{9CB03600-17F0-4BCC-8F65-B0EA1ABBBE02}.Debug|Default.ActiveCfg = Debug
		{9CB03600-17F0-4BCC-8F65-B0EA1ABBBE02}.Debug|Default.Build.0 = Debug
		{9CB03600-17F0-4BCC-8F65-B0EA1ABBBE02}.Debug|Default.Deploy.0 = Debug
		{9CB03600-17F0-4BCC-8F65-B0EA1ABBBE02}.DebugLocal|Default.ActiveCfg = DebugLocal
		{9CB03600-17F0-4BCC-8F65-B0EA1ABBBE02}.DebugLocal|Default.Build.0 = DebugLocal
		{9CB03600-17F0-4BCC-8F65-B0EA1ABBBE02}.Release|Default.ActiveCfg = Release
		{9CB03600-17F0-4BCC-8F65-B0EA1ABBBE02}.Release|Default.Build.0 = Release
		{9CB03600-17F0-4BCC-8F65-B0EA1ABBBE02}.Release|Default.Deploy.0 = Release
		{7C164C3E-86C1-41AA-8B05-2260CC771016}.Debug|Default.ActiveCfg = Debug
		{7C164C3E-86C1-41AA-8B05-2260CC771016}.Debug|Default.Build.0 = Debug
		{7C164C3E-86C1-41AA-8B05-2260CC771016}.Debug|Default.Deploy.0 = Debug
		{7C164C3E-86C1-41AA-8B05-2260CC771016}.DebugLocal|Default.ActiveCfg = DebugLocal
		{7C164C3E-86C1-41AA-8B05-2260CC771016}.DebugLocal|Default.Build.0 = DebugLocal
		{7C164C3E-86C1-41AA-8B05-2260CC771016}.Release|Default.ActiveCfg = Release
		{7C164C3E-86C1-41AA-8B05-2260CC771016}.Release|Default.Build.0 = Release
		{7C164C3E-86C1-41AA-8B05-2260CC771016}.Release|Default.Deploy.0 = Release
		{DD72C70C-5815-4C0D-B741-C36F7DC16316}.Debug|Default.ActiveCfg = Debug
		{DD72C70C-5815-4C0D-B741-C36F7DC16316}.Debug|Default.Build.0 = Debug
		{DD72C70C-5815-4C0D-B741-C36F7DC16316}.Debug|Default.Deploy.0 = Debug
		{DD72C70C-5815-4C0D-B741-C36F7DC16316}.DebugLocal|Default.ActiveCfg = DebugLocal
		{DD72C70C-5815-4C0D-B741-C36F7DC16316}.DebugLocal|Default.Build.0 = DebugLocal
		{DD72C70C-5815-4C0D-B741-C36F7DC16316}.Release|Default.ActiveCfg = Release
		{DD72C70C-5815-4C0D-B741-C36F7DC16316}.Release|Default.Build.0 = Release
		{DD72C70C-5815-4C0D-B741-C36F7DC16316}.Release|Default.Deploy.0 = Release
		{F8DC2277-20C0-499D-BA2C-3D0E6E7388D3}.Debug|Default.ActiveCfg = Debug
		{F8DC2277-20C0-499D-BA2C-3D0E6E7388D3}.Debug|Default.Build.0 = Debug
		{F8DC2277-20C0-499D-BA2C-3D0E6E7388D3}.Debug|Default.Deploy.0 = Debug
		{F8DC2277-20C0-499D-BA2C-3D0E6E7388D3}.DebugLocal|Default.ActiveCfg = DebugLocal
		{F8DC2277-20C0-499D-BA2C-3D0E6E7388D3}.DebugLocal|Default.Build.0 = DebugLocal
		{F8DC2277-20C0-499D-BA2C-3D0E6E7388D3}.Release|Default.ActiveCfg = Release
		{F8DC2277-20C0-499D-BA2C-3D0E6E7388D3}.Release|Default.Build.0 = Release
		{F8DC2277-20C0-499D-BA2C-3D0E6E7388D3}.Release|Default.Deploy.0 = Release
		{D4EB0E56-5039-4207-9A71-3CAE9335AFCD}.Debug|Default.ActiveCfg = Debug
		{D4EB0E56-5039-4207-9A71-3CAE9335AFCD}.Debug|Default.Build.0 = Debug
		{D4EB0E56-5039-4207-9A71-3CAE9335AFCD}.Debug|Default.Deploy.0 = Debug
		{D4EB0E56-5039-4207-9A71-3CAE9335AFCD}.DebugLocal|Default.ActiveCfg = DebugLocal
		{D4EB0E56-5039-4207-9A71-3CAE9335AFCD}.DebugLocal|Default.Build.0 = DebugLocal
		{D4EB0E56-5039-4207-9A71-3CAE9335AFCD}.Release|Default.ActiveCfg = Release
		{D4EB0E56-5039-4207-9A71-3CAE9335AFCD}.Release|Default.Build.0 = Release
		{D4EB0E56-5039-4207-9A71-3CAE9335AFCD}.Release|Default.Deploy.0 = Release
		{91ED3C67-CB44-4593-ABB0-EF826014206F}.Debug|Default.ActiveCfg = Debug
		{91ED3C67-CB44-4593-ABB0-EF826014206F}.Debug|Default.Build.0 = Debug
		{91ED3C67-CB44-4593-ABB0-EF826014206F}.Debug|Default.Deploy.0 = Debug
		{91ED3C67-CB44-4593-ABB0-EF826014206F}.DebugLocal|Default.ActiveCfg = DebugLocal
		{91ED3C67-CB44-4593-ABB0-EF826014206F}.DebugLocal|Default.Build.0 = DebugLocal
		{91ED3C67-CB44-4593-ABB0-EF826014206F}.Release|Default.ActiveCfg = Release
		{91ED3C67-CB44-4593-ABB0-EF826014206F}.Release|Default.Build.0 = Release
		{91ED3C67-CB44-4593-ABB0-EF826014206F}.Release|Default.Deploy.0 = Release
		{A2B7E994-413C-4430-89F5-CD590D9CC6EC}.Debug|Default.ActiveCfg = Debug
		{A2B7E994-413C-4430-89F5-CD590D9CC6EC}.Debug|Default.Build.0 = Debug
		{A2B7E994-413C-4430-89F5-CD590D9CC6EC}.Debug|Default.Deploy.0 = Debug
		{A2B7E994-413C-4430-89F5-CD590D9CC6EC}.DebugLocal|Default.ActiveCfg = DebugLocal
		{A2B7E994-413C-4430-89F5-CD590D9CC6EC}.DebugLocal|Default.Build.0 = DebugLocal
		{A2B7E994-413C-4430-89F5-CD590D9CC6EC}.Release|Default.ActiveCfg = Release
		{A2B7E994-413C-4430-89F5-CD590D9CC6EC}.Release|Default.Build.0 = Release
		{A2B7E994-413C-4430-89F5-CD590D9CC6EC}.Release|Default.Deploy.0 = Release
		{D637DC1F-29DC-476E-9716-6EB8E78E0497}.Debug|Default.ActiveCfg = Debug
		{D637DC1F-29DC-476E-9716-6EB8E78E0497}.Debug|Default.Build.0 = Debug
		{D637DC1F-29DC-476E-9716-6EB8E78E0497}.Debug|Default.Deploy.0 = Debug
		{D637DC1F-29DC-476E-9716-6EB8E78E0497}.DebugLocal|Default.ActiveCfg = DebugLocal
		{D637DC1F-29DC-476E-9716-6EB8E78E0497}.DebugLocal|Default.Build.0 = DebugLocal
		{D637DC1F-29DC-476E-9716-6EB8E78E0497}.Release|Default.ActiveCfg = Release
		{D637DC1F-29DC-476E-9716-6EB8E78E0497}.Release|Default.Build.0 = Release
		{D637DC1F-29DC-476E-9716-6EB8E78E0497}.Release|Default.Deploy.0 = Release
		{29AB5AE0-C5B3-462D-859A-277E58CCEF97}.Debug|Default.ActiveCfg = Debug
		{29AB5AE0-C5B3-462D-859A-277E58CCEF97}.Debug|Default.Build.0 = Debug
		{29AB5AE0-C5B3-462D-859A-277E58CCEF97}.Debug|Default.Deploy.0 = Debug
		{29AB5AE0-C5B3-462D-859A-277E58CCEF97}.DebugLocal|Default.ActiveCfg = DebugLocal
		{29AB5AE0-C5B3-462D-859A-277E58CCEF97}.DebugLocal|Default.Build.0 = DebugLocal
		{29AB5AE0-C5B3-462D-859A-277E58CCEF97}.Release|Default.ActiveCfg = Release
		{29AB5AE0-C5B3-462D-859A-277E58CCEF97}.Release|Default.Build.0 = Release
		{29AB5AE0-C5B3-462D-859A-277E58CCEF97}.Release|Default.Deploy.0 = Release
		{47891102-20DF-43C9-9D7A-514DDD8A8B5E}.Debug|Default.ActiveCfg = Debug
		{47891102-20DF-43C9-9D7A-514DDD8A8B5E}.Debug|Default.Build.0 = Debug
		{47891102-20DF-43C9-9D7A-514DDD8A8B5E}.Debug|Default.Deploy.0 = Debug
		{47891102-20DF-43C9-9D7A-514DDD8A8B5E}.DebugLocal|Default.ActiveCfg = DebugLocal
		{47891102-20DF-43C9-9D7A-514DDD8A8B5E}.DebugLocal|Default.Build.0 = DebugLocal
		{47891102-20DF-43C9-9D7A-514DDD8A8B5E}.Release|Default.ActiveCfg = Release
		{47891102-20DF-43C9-9D7A-514DDD8A8B5E}.Release|Default.Build.0 = Release
		{47891102-20DF-43C9-9D7A-514DDD8A8B5E}.Release|Default.Deploy.0 = Release
		{F27700AC-A5F9-42B7-80F4-47E3EC84D838}.Debug|Default.ActiveCfg = Debug
		{F27700AC-A5F9-42B7-80F4-47E3EC84D838}.Debug|Default.Build.0 = Debug
		{F27700AC-A5F9-42B7-80F4-47E3EC84D838}.Debug|Default.Deploy.0 = Debug
		{F27700AC-A5F9-42B7-80F4-47E3EC84D838}.DebugLocal|Default.ActiveCfg = DebugLocal
		{F27700AC-A5F9-42B7-80F4-47E3EC84D838}.DebugLocal|Default.Build.0 = DebugLocal
		{F27700AC-A5F9-42B7-80F4-47E3EC84D838}.Release|Default.ActiveCfg = Release
		{F27700AC-A5F9-42B7-80F4-47E3EC84D838}.Release|Default.Build.0 = Release
		{F27700AC-A5F9-42B7-80F4-47E3EC84D838}.Release|Default.Deploy.0 = Release
		{1EA4AAAE-5D09-44C5-A024-284685429C54}.Debug|Default.ActiveCfg = Debug
		{1EA4AAAE-5D09-44C5-A024-284685429C54}.Debug|Default.Build.0 = Debug
		{1EA4AAAE-5D09-44C5-A024-284685429C54}.Debug|Default.Deploy.0 = Debug
		{1EA4AAAE-5D09-44C5-A024-284685429C54}.DebugLocal|Default.ActiveCfg = DebugLocal
		{1EA4AAAE-5D09-44C5-A024-284685429C54}.DebugLocal|Default.Build.0 = DebugLocal
		{1EA4AAAE-5D09-44C5-A024-284685429C54}.Release|Default.ActiveCfg = Release
		{1EA4AAAE-5D09-44C5-A024-284685429C54}.Release|Default.Build.0 = Release
		{1EA4AAAE-5D09-44C5-A024-284685429C54}.Release|Default.Deploy.0 = Release
		{E38C58B4-A984-4E66-9621-A0088436C07D}.Debug|Default.ActiveCfg = Debug
		{E38C58B4-A984-4E66-9621-A0088436C07D}.Debug|Default.Build.0 = Debug
		{E38C58B4-A984-4E66-9621-A0088436C07D}.Debug|Default.Deploy.0 = Debug
		{E38C58B4-A984-4E66-9621-A0088436C07D}.DebugLocal|Default.ActiveCfg = DebugLocal
		{E38C58B4-A984-4E66-9621-A0088436C07D}.DebugLocal|Default.Build.0 = DebugLocal
		{E38C58B4-A984-4E66-9621-A0088436C07D}.Release|Default.ActiveCfg = Release
		{E38C58B4-A984-4E66-9621-A0088436C07D}.Release|Default.Build.0 = Release
		{E38C58B4-A984-4E66-9621-A0088436C07D}.Release|Default.Deploy.0 = Release
		{A86C641C-2AE0-4520-BEF6-82190770542F}.Debug|Default.ActiveCfg = Debug
		{A86C641C-2AE0-4520-BEF6-82190770542F}.Debug|Default.Build.0 = Debug
		{A86C641C-2AE0-4520-BEF6-82190770542F}.Debug|Default.Deploy.0 = Debug
		{A86C641C-2AE0-4520-BEF6-82190770542F}.DebugLocal|Default.ActiveCfg = DebugLocal
		{A86C641C-2AE0-4520-BEF6-82190770542F}.DebugLocal|Default.Build.0 = DebugLocal
		{A86C641C-2AE0-4520-BEF6-82190770542F}.Release|Default.ActiveCfg = Release
		{A86C641C-2AE0-4520-BEF6-82190770542F}.Release|Default.Build.0 = Release
		{A86C641C-2AE0-4520-BEF6-82190770542F}.Release|Default.Deploy.0 = Release
		{7CE77A65-C22C-440D-AB05-ED5392087A92}.Debug|Default.ActiveCfg = Debug
		{7CE77A65-C22C-440D-AB05-ED5392087A92}.Debug|Default.Build.0 = Debug
		{7CE77A65-C22C-440D-AB05-ED5392087A92}.Debug|Default.Deploy.0 = Debug
		{7CE77A65-C22C-440D-AB05-ED5392087A92}.DebugLocal|Default.ActiveCfg = DebugLocal
		{7CE77A65-C22C-440D-AB05-ED5392087A92}.DebugLocal|Default.Build.0 = DebugLocal
		{7CE77A65-C22C-440D-AB05-ED5392087A92}.Release|Default.ActiveCfg = Release
		{7CE77A65-C22C-440D-AB05-ED5392087A92}.Release|Default.Build.0 = Release
		{7CE77A65-C22C-440D-AB05-ED5392087A92}.Release|Default.Deploy.0 = Release
		{90ADB055-04D2-440F-9357-373C37DFD08B}.Debug|Default.ActiveCfg = Debug
		{90ADB055-04D2-440F-9357-373C37DFD08B}.Debug|Default.Build.0 = Debug
		{90ADB055-04D2-440F-9357-373C37DFD08B}.Debug|Default.Deploy.0 = Debug
		{90ADB055-04D2-440F-9357-373C37DFD08B}.DebugLocal|Default.ActiveCfg = DebugLocal
		{90ADB055-04D2-440F-9357-373C37DFD08B}.DebugLocal|Default.Build.0 = DebugLocal
		{90ADB055-04D2-440F-9357-373C37DFD08B}.Release|Default.ActiveCfg = Release
		{90ADB055-04D2-440F-9357-373C37DFD08B}.Release|Default.Build.0 = Release
		{90ADB055-04D2-440F-9357-373C37DFD08B}.Release|Default.Deploy.0 = Release
		{81619747-7F94-438E-A127-6C477FA26059}.Debug|Default.ActiveCfg = Debug
		{81619747-7F94-438E-A127-6C477FA26059}.Debug|Default.Build.0 = Debug
		{81619747-7F94-438E-A127-6C477FA26059}.Debug|Default.Deploy.0 = Debug
		{81619747-7F94-438E-A127-6C477FA26059}.DebugLocal|Default.ActiveCfg = DebugLocal
		{81619747-7F94-438E-A127-6C477FA26059}.DebugLocal|Default.Build.0 = DebugLocal
		{81619747-7F94-438E-A127-6C477FA26059}.Release|Default.ActiveCfg = Release
		{81619747-7F94-438E-A127-6C477FA26059}.Release|Default.Build.0 = Release
		{81619747-7F94-438E-A127-6C477FA26059}.Release|Default.Deploy.0 = Release
		{DD168DC4-4462-4550-AB9C-C49A3B750BC6}.Debug|Default.ActiveCfg = Debug
		{DD168DC4-4462-4550-AB9C-C49A3B750BC6}.Debug|Default.Build.0 = Debug
		{DD168DC4-4462-4550-AB9C-C49A3B750BC6}.Debug|Default.Deploy.0 = Debug
		{DD168DC4-4462-4550-AB9C-C49A3B750BC6}.DebugLocal|Default.ActiveCfg = DebugLocal
		{DD168DC4-4462-4550-AB9C-C49A3B750BC6}.DebugLocal|Default.Build.0 = DebugLocal
		{DD168DC4-4462-4550-AB9C-C49A3B750BC6}.Release|Default.ActiveCfg = Release
		{DD168DC4-4462-4550-AB9C-C49A3B750BC6}.Release|Default.Build.0 = Release
		{DD168DC4-4462-4550-AB9C-C49A3B750BC6}.Release|Default.Deploy.0 = Release
		{962F0960-FB8D-4AE4-BB39-FE9DC4ADC6E6}.Debug|Default.ActiveCfg = Debug
		{962F0960-FB8D-4AE4-BB39-FE9DC4ADC6E6}.Debug|Default.Build.0 = Debug
		{962F0960-FB8D-4AE4-BB39-FE9DC4ADC6E6}.Debug|Default.Deploy.0 = Debug
		{962F0960-FB8D-4AE4-BB39-FE9DC4ADC6E6}.DebugLocal|Default.ActiveCfg = DebugLocal
		{962F0960-FB8D-4AE4-BB39-FE9DC4ADC6E6}.DebugLocal|Default.Build.0 = DebugLocal
		{962F0960-FB8D-4AE4-BB39-FE9DC4ADC6E6}.Release|Default.ActiveCfg = Release
		{962F0960-FB8D-4AE4-BB39-FE9DC4ADC6E6}.Release|Default.Build.0 = Release
		{962F0960-FB8D-4AE4-BB39-FE9DC4ADC6E6}.Release|Default.Deploy.0 = Release
		{C074BF4E-286C-4D8B-89D0-AA0F55B85545}.Debug|Default.ActiveCfg = Debug
		{C074BF4E-286C-4D8B-89D0-AA0F55B85545}.Debug|Default.Build.0 = Debug
		{C074BF4E-286C-4D8B-89D0-AA0F55B85545}.Debug|Default.Deploy.0 = Debug
		{C074BF4E-286C-4D8B-89D0-AA0F55B85545}.DebugLocal|Default.ActiveCfg = DebugLocal
		{C074BF4E-286C-4D8B-89D0-AA0F55B85545}.DebugLocal|Default.Build.0 = DebugLocal
		{C074BF4E-286C-4D8B-89D0-AA0F55B85545}.Release|Default.ActiveCfg = Release
		{C074BF4E-286C-4D8B-89D0-AA0F55B85545}.Release|Default.Build.0 = Release
		{C074BF4E-286C-4D8B-89D0-AA0F55B85545}.Release|Default.Deploy.0 = Release
		{399113B9-74FD-4B6E-A2FB-1AC65B026424}.Debug|Default.ActiveCfg = Debug
		{399113B9-74FD-4B6E-A2FB-1AC65B026424}.Debug|Default.Build.0 = Debug
		{399113B9-74FD-4B6E-A2FB-1AC65B026424}.Debug|Default.Deploy.0 = Debug
		{399113B9-74FD-4B6E-A2FB-1AC65B026424}.DebugLocal|Default.ActiveCfg = DebugLocal
		{399113B9-74FD-4B6E-A2FB-1AC65B026424}.DebugLocal|Default.Build.0 = DebugLocal
		{399113B9-74FD-4B6E-A2FB-1AC65B026424}.DebugLocal|Default.Deploy.0 = DebugLocal
		{399113B9-74FD-4B6E-A2FB-1AC65B026424}.Release|Default.ActiveCfg = Release
		{399113B9-74FD-4B6E-A2FB-1AC65B026424}.Release|Default.Build.0 = Release
		{399113B9-74FD-4B6E-A2FB-1AC65B026424}.Release|Default.Deploy.0 = Release
		{439D949C-445D-49DD-98A6-777475BBA09B}.Debug|Default.ActiveCfg = Debug
		{439D949C-445D-49DD-98A6-777475BBA09B}.Debug|Default.Build.0 = Debug
		{439D949C-445D-49DD-98A6-777475BBA09B}.Debug|Default.Deploy.0 = Debug
		{439D949C-445D-49DD-98A6-777475BBA09B}.DebugLocal|Default.ActiveCfg = DebugLocal
		{439D949C-445D-49DD-98A6-777475BBA09B}.DebugLocal|Default.Build.0 = DebugLocal
		{439D949C-445D-49DD-98A6-777475BBA09B}.DebugLocal|Default.Deploy.0 = DebugLocal
		{439D949C-445D-49DD-98A6-777475BBA09B}.Release|Default.ActiveCfg = Release
		{439D949C-445D-49DD-98A6-777475BBA09B}.Release|Default.Build.0 = Release
		{439D949C-445D-49DD-98A6-777475BBA09B}.Release|Default.Deploy.0 = Release
		{1DBEA1EF-40B7-4264-B60F-CA3E25B99CE9}.Debug|Default.ActiveCfg = Debug
		{1DBEA1EF-40B7-4264-B60F-CA3E25B99CE9}.Debug|Default.Build.0 = Debug
		{1DBEA1EF-40B7-4264-B60F-CA3E25B99CE9}.Debug|Default.Deploy.0 = Debug
		{1DBEA1EF-40B7-4264-B60F-CA3E25B99CE9}.DebugLocal|Default.ActiveCfg = DebugLocal
		{1DBEA1EF-40B7-4264-B60F-CA3E25B99CE9}.DebugLocal|Default.Build.0 = DebugLocal
		{1DBEA1EF-40B7-4264-B60F-CA3E25B99CE9}.DebugLocal|Default.Deploy.0 = DebugLocal
		{1DBEA1EF-40B7-4264-B60F-CA3E25B99CE9}.Release|Default.ActiveCfg = Release
		{1DBEA1EF-40B7-4264-B60F-CA3E25B99CE9}.Release|Default.Build.0 = Release
		{1DBEA1EF-40B7-4264-B60F-CA3E25B99CE9}.Release|Default.Deploy.0 = Release
		{560DAFFC-083C-480B-A54C-2F230DC6274B}.Debug|Default.ActiveCfg = Debug
		{560DAFFC-083C-480B-A54C-2F230DC6274B}.Debug|Default.Build.0 = Debug
		{560DAFFC-083C-480B-A54C-2F230DC6274B}.Debug|Default.Deploy.0 = Debug
		{560DAFFC-083C-480B-A54C-2F230DC6274B}.DebugLocal|Default.ActiveCfg = DebugLocal
		{560DAFFC-083C-480B-A54C-2F230DC6274B}.DebugLocal|Default.Build.0 = DebugLocal
		{560DAFFC-083C-480B-A54C-2F230DC6274B}.DebugLocal|Default.Deploy.0 = DebugLocal
		{560DAFFC-083C-480B-A54C-2F230DC6274B}.Release|Default.ActiveCfg = Release
		{560DAFFC-083C-480B-A54C-2F230DC6274B}.Release|Default.Build.0 = Release
		{560DAFFC-083C-480B-A54C-2F230DC6274B}.Release|Default.Deploy.0 = Release
	EndGlobalSection
	GlobalSection(SolutionProperties) = preSolution
		HideSolutionNode = FALSE
	EndGlobalSection
	GlobalSection(ExtensibilityGlobals) = postSolution
		SolutionGuid = {ABAFC396-5158-4A3B-97E2-64B24F192CD6}
	EndGlobalSection
	GlobalSection(TeamFoundationVersionControl) = preSolution
		SccNumberOfProjects = 66
		SccEnterpriseProvider = {4CA58AB2-18FA-4F8D-95D4-32DDF27D184C}
		SccTeamFoundationServer = http://svr-liv-tfs-02:8080/tfs/defaultcollection
		SccLocalPath0 = .
		SccProjectUniqueName1 = Client\u0020Reports\\Client\u0020Reports.rptproj
		SccProjectName1 = Client\u0020Reports
		SccLocalPath1 = Client\u0020Reports
		SccProjectUniqueName2 = Ageas\\Ageas.rptproj
		SccProjectName2 = Ageas
		SccLocalPath2 = Ageas
		SccProjectUniqueName3 = Aggregate\\Aggregate.rptproj
		SccProjectName3 = Aggregate
		SccLocalPath3 = Aggregate
		SccProjectUniqueName4 = AIG\\AIG.rptproj
		SccProjectName4 = AIG
		SccLocalPath4 = AIG
		SccProjectUniqueName5 = APUC\\APUC.rptproj
		SccProjectName5 = APUC
		SccLocalPath5 = APUC
		SccProjectUniqueName6 = AS\u0020Watson\\AS\u0020Watson.rptproj
		SccProjectName6 = AS\u0020Watson
		SccLocalPath6 = AS\u0020Watson
		SccProjectUniqueName7 = Aviva\\Aviva.rptproj
		SccProjectName7 = Aviva
		SccLocalPath7 = Aviva
		SccProjectUniqueName8 = Axa\\Axa.rptproj
		SccProjectName8 = Axa
		SccLocalPath8 = Axa
		SccProjectUniqueName9 = BAI\\BAI.rptproj
		SccProjectName9 = BAI
		SccLocalPath9 = BAI
		SccProjectUniqueName10 = Broadspire\\Broadspire.rptproj
		SccProjectName10 = Broadspire
		SccLocalPath10 = Broadspire
		SccProjectUniqueName11 = Bruntwood\\Bruntwood.rptproj
		SccProjectName11 = Bruntwood
		SccLocalPath11 = Bruntwood
		SccProjectUniqueName12 = Cabinet\\Cabinet.rptproj
		SccProjectName12 = Cabinet
		SccLocalPath12 = Cabinet
		SccProjectUniqueName13 = Capita\\Capita.rptproj
		SccProjectName13 = Capita
		SccLocalPath13 = Capita
		SccProjectUniqueName14 = Certas\\Certas.rptproj
		SccProjectName14 = Certas
		SccLocalPath14 = Certas
		SccProjectUniqueName15 = CFC\\CFC.rptproj
		SccProjectName15 = CFC
		SccLocalPath15 = CFC
		SccProjectUniqueName16 = Chester\u0020Street\\Chester\u0020Street.rptproj
		SccProjectName16 = Chester\u0020Street
		SccLocalPath16 = Chester\u0020Street
		SccProjectUniqueName17 = Clarion\\Clarion.rptproj
		SccProjectName17 = Clarion
		SccLocalPath17 = Clarion
		SccProjectUniqueName18 = Client\u0020Relationships\\Client\u0020Relationships.rptproj
		SccProjectName18 = Client\u0020Relationships
		SccLocalPath18 = Client\u0020Relationships
		SccProjectUniqueName19 = Collingwood\\Collingwood.rptproj
		SccProjectName19 = Collingwood
		SccLocalPath19 = Collingwood
		SccProjectUniqueName20 = Connect\u0020Group\\Connect\u0020Group.rptproj
		SccProjectName20 = Connect\u0020Group
		SccLocalPath20 = Connect\u0020Group
		SccProjectUniqueName21 = Contactsure\\Contactsure.rptproj
		SccProjectName21 = Contactsure
		SccLocalPath21 = Contactsure
		SccProjectUniqueName22 = Co-Op\\Co-Op.rptproj
		SccProjectName22 = Co-Op
		SccLocalPath22 = Co-Op
		SccProjectUniqueName23 = Co-Op\u0020Insurance\\Co-Op\u0020Insurance.rptproj
		SccProjectName23 = Co-Op\u0020Insurance
		SccLocalPath23 = Co-Op\u0020Insurance
		SccProjectUniqueName24 = Covea\\Covea.rptproj
		SccProjectName24 = Covea
		SccLocalPath24 = Covea
		SccProjectUniqueName25 = DHL\\DHL.rptproj
		SccProjectName25 = DHL
		SccLocalPath25 = DHL
		SccProjectUniqueName26 = Endsleigh\\Endsleigh.rptproj
		SccProjectName26 = Endsleigh
		SccLocalPath26 = Endsleigh
		SccProjectUniqueName27 = Gallagher\u0020Bassett\\Gallagher\u0020Bassett.rptproj
		SccProjectName27 = Gallagher\u0020Bassett
		SccLocalPath27 = Gallagher\u0020Bassett
		SccProjectUniqueName28 = Go\u0020Ahead\\Go\u0020Ahead.rptproj
		SccProjectName28 = Go\u0020Ahead
		SccLocalPath28 = Go\u0020Ahead
		SccProjectUniqueName29 = Greene\u0020King\\Greene\u0020King.rptproj
		SccProjectName29 = Greene\u0020King
		SccLocalPath29 = Greene\u0020King
		SccProjectUniqueName30 = Guinness\\Guinness.rptproj
		SccProjectName30 = Guinness
		SccLocalPath30 = Guinness
		SccProjectUniqueName31 = HTE\\HTE.rptproj
		SccProjectName31 = HTE
		SccLocalPath31 = HTE
		SccProjectUniqueName32 = JCB\\JCB.rptproj
		SccProjectName32 = JCB
		SccLocalPath32 = JCB
		SccProjectUniqueName33 = Leicestershire\u0020Partnership\u0020NHS\u0020Trust\\Leicestershire\u0020Partnership\u0020NHS\u0020Trust.rptproj
		SccProjectName33 = Leicestershire\u0020Partnership\u0020NHS\u0020Trust
		SccLocalPath33 = Leicestershire\u0020Partnership\u0020NHS\u0020Trust
		SccProjectUniqueName34 = Met\u0020Police\\Met\u0020Police.rptproj
		SccProjectName34 = Met\u0020Police
		SccLocalPath34 = Met\u0020Police
		SccProjectUniqueName35 = MIB\\MIB.rptproj
		SccProjectName35 = MIB
		SccLocalPath35 = MIB
		SccProjectUniqueName36 = MMI\\MMI.rptproj
		SccProjectName36 = MMI
		SccLocalPath36 = MMI
		SccProjectUniqueName37 = Municipal\u0020Mutual\\Municipal\u0020Mutual.rptproj
		SccProjectName37 = Municipal\u0020Mutual
		SccLocalPath37 = Municipal\u0020Mutual
		SccProjectUniqueName38 = NHSR\\NHSR.rptproj
		SccProjectName38 = NHSR
		SccLocalPath38 = NHSR
		SccProjectUniqueName39 = NOECPC\\NOECPC.rptproj
		SccProjectName39 = NOECPC
		SccLocalPath39 = NOECPC
		SccProjectUniqueName40 = Octogan\\Octogan.rptproj
		SccProjectName40 = Octogan
		SccLocalPath40 = Octogan
		SccProjectUniqueName41 = Peel\u0020Ports\\Peel\u0020Ports.rptproj
		SccProjectName41 = Peel\u0020Ports
		SccLocalPath41 = Peel\u0020Ports
		SccProjectUniqueName42 = Plus\u0020Dane\\Plus\u0020Dane.rptproj
		SccProjectName42 = Plus\u0020Dane
		SccLocalPath42 = Plus\u0020Dane
		SccProjectUniqueName43 = Police\\Police.rptproj
		SccProjectName43 = Police
		SccLocalPath43 = Police
		SccProjectUniqueName44 = Rexel\\Rexel.rptproj
		SccProjectName44 = Rexel
		SccLocalPath44 = Rexel
		SccProjectUniqueName45 = Riverside\\Riverside.rptproj
		SccProjectName45 = Riverside
		SccLocalPath45 = Riverside
		SccProjectUniqueName46 = RMG\\RMG.rptproj
		SccProjectName46 = RMG
		SccLocalPath46 = RMG
		SccProjectUniqueName47 = RSA\\RSA.rptproj
		SccProjectName47 = RSA
		SccLocalPath47 = RSA
		SccProjectUniqueName48 = Sabre\\Sabre.rptproj
		SccProjectName48 = Sabre
		SccLocalPath48 = Sabre
		SccProjectUniqueName49 = Servisair\\Servisair.rptproj
		SccProjectName49 = Servisair
		SccLocalPath49 = Servisair
		SccProjectUniqueName50 = Severn\u0020Trent\\Severn\u0020Trent.rptproj
		SccProjectName50 = Severn\u0020Trent
		SccLocalPath50 = Severn\u0020Trent
		SccProjectUniqueName51 = TGIF\\TGIF.rptproj
		SccProjectName51 = TGIF
		SccLocalPath51 = TGIF
		SccProjectUniqueName52 = TMKIS\\TMKIS.rptproj
		SccProjectName52 = TMKIS
		SccLocalPath52 = TMKIS
		SccProjectUniqueName53 = Torus\u002062\\Torus\u002062.rptproj
		SccProjectName53 = Torus\u002062
		SccLocalPath53 = Torus\u002062
		SccProjectUniqueName54 = Travelers\\Travelers.rptproj
		SccProjectName54 = Travelers
		SccLocalPath54 = Travelers
		SccProjectUniqueName55 = Tuffnells\\Tuffnells.rptproj
		SccProjectName55 = Tuffnells
		SccLocalPath55 = Tuffnells
		SccProjectUniqueName56 = Van\u0020Ameyde\\Van\u0020Ameyde.rptproj
		SccProjectName56 = Van\u0020Ameyde
		SccLocalPath56 = Van\u0020Ameyde
		SccProjectUniqueName57 = Veolia\\Veolia.rptproj
		SccProjectName57 = Veolia
		SccLocalPath57 = Veolia
		SccProjectUniqueName58 = Vinci\\Vinci.rptproj
		SccProjectName58 = Vinci
		SccLocalPath58 = Vinci
		SccProjectUniqueName59 = Whitbread\\Whitbread.rptproj
		SccProjectName59 = Whitbread
		SccLocalPath59 = Whitbread
		SccProjectUniqueName60 = Zurich\\Zurich.rptproj
		SccProjectName60 = Zurich
		SccLocalPath60 = Zurich
		SccProjectUniqueName61 = Leeds\u0020City\u0020Council\\Leeds\u0020City\u0020Council.rptproj
		SccProjectName61 = Leeds\u0020City\u0020Council
		SccLocalPath61 = Leeds\u0020City\u0020Council
		SccProjectUniqueName62 = Armour\\Armour.rptproj
		SccProjectName62 = Armour
		SccLocalPath62 = Armour
		SccProjectUniqueName63 = 1st\u0020Central\\1st\u0020Central.rptproj
		SccProjectName63 = 1st\u0020Central
		SccLocalPath63 = 1st\u0020Central
		SccProjectUniqueName64 = Midland\u0020Heart\\Midland\u0020Heart.rptproj
		SccProjectName64 = Midland\u0020Heart
		SccLocalPath64 = Midland\u0020Heart
		SccProjectUniqueName65 = Lancaster\u0020University\\Lancaster\u0020University.rptproj
		SccProjectName65 = Lancaster\u0020University
		SccLocalPath65 = Lancaster\u0020University
	EndGlobalSection
EndGlobal
