
Microsoft Visual Studio Solution File, Format Version 12.00
# Visual Studio 15
VisualStudioVersion = 15.0.28307.106
MinimumVisualStudioVersion = 10.0.40219.1
Project("{F14B399A-7131-4C87-9E4B-1186C45EF12D}") = "NWLC", "NWLC\NWLC.rptproj", "{FD0B2328-0455-4B0F-ACA3-225E47136C88}"
EndProject
Global
	GlobalSection(SolutionConfigurationPlatforms) = preSolution
		Debug|Default = Debug|Default
		DebugLocal|Default = DebugLocal|Default
		Release|Default = Release|Default
	EndGlobalSection
	GlobalSection(ProjectConfigurationPlatforms) = postSolution
		{FD0B2328-0455-4B0F-ACA3-225E47136C88}.Debug|Default.ActiveCfg = Debug
		{FD0B2328-0455-4B0F-ACA3-225E47136C88}.Debug|Default.Build.0 = Debug
		{FD0B2328-0455-4B0F-ACA3-225E47136C88}.Debug|Default.Deploy.0 = Debug
		{FD0B2328-0455-4B0F-ACA3-225E47136C88}.DebugLocal|Default.ActiveCfg = DebugLocal
		{FD0B2328-0455-4B0F-ACA3-225E47136C88}.DebugLocal|Default.Build.0 = DebugLocal
		{FD0B2328-0455-4B0F-ACA3-225E47136C88}.Release|Default.ActiveCfg = Release
		{FD0B2328-0455-4B0F-ACA3-225E47136C88}.Release|Default.Build.0 = Release
		{FD0B2328-0455-4B0F-ACA3-225E47136C88}.Release|Default.Deploy.0 = Release
	EndGlobalSection
	GlobalSection(SolutionProperties) = preSolution
		HideSolutionNode = FALSE
	EndGlobalSection
	GlobalSection(ExtensibilityGlobals) = postSolution
		SolutionGuid = {B6790791-F768-4AB7-B118-0C6509C4E544}
	EndGlobalSection
	GlobalSection(TeamFoundationVersionControl) = preSolution
		SccNumberOfProjects = 2
		SccEnterpriseProvider = {4CA58AB2-18FA-4F8D-95D4-32DDF27D184C}
		SccTeamFoundationServer = http://svr-liv-tfs-02:8080/tfs/defaultcollection
		SccLocalPath0 = .
		SccProjectUniqueName1 = NWLC\\NWLC.rptproj
		SccProjectName1 = NWLC
		SccLocalPath1 = NWLC
	EndGlobalSection
EndGlobal
