
Microsoft Visual Studio Solution File, Format Version 12.00
# Visual Studio 15
VisualStudioVersion = 15.0.28307.106
MinimumVisualStudioVersion = 10.0.40219.1
Project("{F14B399A-7131-4C87-9E4B-1186C45EF12D}") = "Fraud", "Fraud\Fraud.rptproj", "{FE8909C4-2B21-48AC-9903-8792A7F82D04}"
EndProject
Global
	GlobalSection(SolutionConfigurationPlatforms) = preSolution
		Debug|Default = Debug|Default
		DebugLocal|Default = DebugLocal|Default
		Release|Default = Release|Default
	EndGlobalSection
	GlobalSection(ProjectConfigurationPlatforms) = postSolution
		{FE8909C4-2B21-48AC-9903-8792A7F82D04}.Debug|Default.ActiveCfg = Debug
		{FE8909C4-2B21-48AC-9903-8792A7F82D04}.Debug|Default.Build.0 = Debug
		{FE8909C4-2B21-48AC-9903-8792A7F82D04}.Debug|Default.Deploy.0 = Debug
		{FE8909C4-2B21-48AC-9903-8792A7F82D04}.DebugLocal|Default.ActiveCfg = DebugLocal
		{FE8909C4-2B21-48AC-9903-8792A7F82D04}.DebugLocal|Default.Build.0 = DebugLocal
		{FE8909C4-2B21-48AC-9903-8792A7F82D04}.Release|Default.ActiveCfg = Release
		{FE8909C4-2B21-48AC-9903-8792A7F82D04}.Release|Default.Build.0 = Release
		{FE8909C4-2B21-48AC-9903-8792A7F82D04}.Release|Default.Deploy.0 = Release
	EndGlobalSection
	GlobalSection(SolutionProperties) = preSolution
		HideSolutionNode = FALSE
	EndGlobalSection
	GlobalSection(ExtensibilityGlobals) = postSolution
		SolutionGuid = {7E0CDFC3-5FAC-4160-A7BA-6DAE39ADC3FA}
	EndGlobalSection
	GlobalSection(TeamFoundationVersionControl) = preSolution
		SccNumberOfProjects = 2
		SccEnterpriseProvider = {4CA58AB2-18FA-4F8D-95D4-32DDF27D184C}
		SccTeamFoundationServer = http://svr-liv-tfs-02:8080/tfs/defaultcollection
		SccLocalPath0 = .
		SccProjectUniqueName1 = Fraud\\Fraud.rptproj
		SccProjectName1 = Fraud
		SccLocalPath1 = Fraud
	EndGlobalSection
EndGlobal
