
Microsoft Visual Studio Solution File, Format Version 12.00
# Visual Studio 15
VisualStudioVersion = 15.0.28307.106
MinimumVisualStudioVersion = 10.0.40219.1
Project("{F14B399A-7131-4C87-9E4B-1186C45EF12D}") = "Motor", "Motor\Motor.rptproj", "{B74BB23D-C72E-42EE-BA73-C51CEF11B76F}"
EndProject
Global
	GlobalSection(SolutionConfigurationPlatforms) = preSolution
		Debug|Default = Debug|Default
		DebugLocal|Default = DebugLocal|Default
		Release|Default = Release|Default
	EndGlobalSection
	GlobalSection(ProjectConfigurationPlatforms) = postSolution
		{B74BB23D-C72E-42EE-BA73-C51CEF11B76F}.Debug|Default.ActiveCfg = Debug
		{B74BB23D-C72E-42EE-BA73-C51CEF11B76F}.Debug|Default.Build.0 = Debug
		{B74BB23D-C72E-42EE-BA73-C51CEF11B76F}.Debug|Default.Deploy.0 = Debug
		{B74BB23D-C72E-42EE-BA73-C51CEF11B76F}.DebugLocal|Default.ActiveCfg = DebugLocal
		{B74BB23D-C72E-42EE-BA73-C51CEF11B76F}.DebugLocal|Default.Build.0 = DebugLocal
		{B74BB23D-C72E-42EE-BA73-C51CEF11B76F}.Release|Default.ActiveCfg = Release
		{B74BB23D-C72E-42EE-BA73-C51CEF11B76F}.Release|Default.Build.0 = Release
		{B74BB23D-C72E-42EE-BA73-C51CEF11B76F}.Release|Default.Deploy.0 = Release
	EndGlobalSection
	GlobalSection(SolutionProperties) = preSolution
		HideSolutionNode = FALSE
	EndGlobalSection
	GlobalSection(ExtensibilityGlobals) = postSolution
		SolutionGuid = {7E0CDFC3-5FAC-4160-A7BA-6DAE39ADC3FA}
	EndGlobalSection
	GlobalSection(TeamFoundationVersionControl) = preSolution
		SccNumberOfProjects = 2
		SccEnterpriseProvider = {4CA58AB2-18FA-4F8D-95D4-32DDF27D184C}
		SccTeamFoundationServer = http://svr-liv-tfs-02:8080/tfs/defaultcollection
		SccLocalPath0 = .
		SccProjectUniqueName1 = Motor\\Motor.rptproj
		SccProjectName1 = Motor
		SccLocalPath1 = Motor
	EndGlobalSection
EndGlobal
