
Microsoft Visual Studio Solution File, Format Version 12.00
# Visual Studio 15
VisualStudioVersion = 15.0.28307.106
MinimumVisualStudioVersion = 10.0.40219.1
Project("{F14B399A-7131-4C87-9E4B-1186C45EF12D}") = "Process", "Process\Process.rptproj", "{0F101D03-081D-4FC0-BE62-FB2ACAB5FC5A}"
EndProject
Project("{F14B399A-7131-4C87-9E4B-1186C45EF12D}") = "HSD and TM", "HSD and TM\HSD and TM.rptproj", "{FE11F36D-4C8F-495A-8649-3CD6AFE52BDD}"
EndProject
Project("{F14B399A-7131-4C87-9E4B-1186C45EF12D}") = "Wills", "Wills\Wills.rptproj", "{74547C73-BE4E-44CB-9BF1-FA4C266EF5DC}"
EndProject
Global
	GlobalSection(SolutionConfigurationPlatforms) = preSolution
		Debug|Default = Debug|Default
		DebugLocal|Default = DebugLocal|Default
		Release|Default = Release|Default
	EndGlobalSection
	GlobalSection(ProjectConfigurationPlatforms) = postSolution
		{0F101D03-081D-4FC0-BE62-FB2ACAB5FC5A}.Debug|Default.ActiveCfg = Debug
		{0F101D03-081D-4FC0-BE62-FB2ACAB5FC5A}.Debug|Default.Build.0 = Debug
		{0F101D03-081D-4FC0-BE62-FB2ACAB5FC5A}.Debug|Default.Deploy.0 = Debug
		{0F101D03-081D-4FC0-BE62-FB2ACAB5FC5A}.DebugLocal|Default.ActiveCfg = DebugLocal
		{0F101D03-081D-4FC0-BE62-FB2ACAB5FC5A}.DebugLocal|Default.Build.0 = DebugLocal
		{0F101D03-081D-4FC0-BE62-FB2ACAB5FC5A}.Release|Default.ActiveCfg = Release
		{0F101D03-081D-4FC0-BE62-FB2ACAB5FC5A}.Release|Default.Build.0 = Release
		{0F101D03-081D-4FC0-BE62-FB2ACAB5FC5A}.Release|Default.Deploy.0 = Release
		{FE11F36D-4C8F-495A-8649-3CD6AFE52BDD}.Debug|Default.ActiveCfg = Debug
		{FE11F36D-4C8F-495A-8649-3CD6AFE52BDD}.Debug|Default.Build.0 = Debug
		{FE11F36D-4C8F-495A-8649-3CD6AFE52BDD}.Debug|Default.Deploy.0 = Debug
		{FE11F36D-4C8F-495A-8649-3CD6AFE52BDD}.DebugLocal|Default.ActiveCfg = DebugLocal
		{FE11F36D-4C8F-495A-8649-3CD6AFE52BDD}.DebugLocal|Default.Build.0 = DebugLocal
		{FE11F36D-4C8F-495A-8649-3CD6AFE52BDD}.Release|Default.ActiveCfg = Release
		{FE11F36D-4C8F-495A-8649-3CD6AFE52BDD}.Release|Default.Build.0 = Release
		{FE11F36D-4C8F-495A-8649-3CD6AFE52BDD}.Release|Default.Deploy.0 = Release
		{74547C73-BE4E-44CB-9BF1-FA4C266EF5DC}.Debug|Default.ActiveCfg = Debug
		{74547C73-BE4E-44CB-9BF1-FA4C266EF5DC}.Debug|Default.Build.0 = Debug
		{74547C73-BE4E-44CB-9BF1-FA4C266EF5DC}.Debug|Default.Deploy.0 = Debug
		{74547C73-BE4E-44CB-9BF1-FA4C266EF5DC}.DebugLocal|Default.ActiveCfg = DebugLocal
		{74547C73-BE4E-44CB-9BF1-FA4C266EF5DC}.DebugLocal|Default.Build.0 = DebugLocal
		{74547C73-BE4E-44CB-9BF1-FA4C266EF5DC}.Release|Default.ActiveCfg = Release
		{74547C73-BE4E-44CB-9BF1-FA4C266EF5DC}.Release|Default.Build.0 = Release
		{74547C73-BE4E-44CB-9BF1-FA4C266EF5DC}.Release|Default.Deploy.0 = Release
	EndGlobalSection
	GlobalSection(SolutionProperties) = preSolution
		HideSolutionNode = FALSE
	EndGlobalSection
	GlobalSection(ExtensibilityGlobals) = postSolution
		SolutionGuid = {E10AD261-45BA-407F-ACC3-D43BFAD8D1DA}
	EndGlobalSection
	GlobalSection(TeamFoundationVersionControl) = preSolution
		SccNumberOfProjects = 4
		SccEnterpriseProvider = {4CA58AB2-18FA-4F8D-95D4-32DDF27D184C}
		SccTeamFoundationServer = http://svr-liv-tfs-02:8080/tfs/defaultcollection
		SccLocalPath0 = .
		SccProjectUniqueName1 = Process\\Process.rptproj
		SccProjectName1 = Process
		SccLocalPath1 = Process
		SccProjectUniqueName2 = HSD\u0020and\u0020TM\\HSD\u0020and\u0020TM.rptproj
		SccProjectName2 = HSD\u0020and\u0020TM
		SccLocalPath2 = HSD\u0020and\u0020TM
		SccProjectUniqueName3 = Wills\\Wills.rptproj
		SccProjectName3 = Wills
		SccLocalPath3 = Wills
	EndGlobalSection
EndGlobal
