
Microsoft Visual Studio Solution File, Format Version 12.00
# Visual Studio 15
VisualStudioVersion = 15.0.28307.106
MinimumVisualStudioVersion = 10.0.40219.1
Project("{F14B399A-7131-4C87-9E4B-1186C45EF12D}") = "Commercial Recoveries", "Commercial Recoveries\Commercial Recoveries.rptproj", "{2D17DE19-9195-41E0-A3AC-47CBD0B421C4}"
EndProject
Project("{F14B399A-7131-4C87-9E4B-1186C45EF12D}") = "HFC", "HFC\HFC.rptproj", "{3373CF90-F0FE-4ECE-A117-238ECC42691A}"
EndProject
Global
	GlobalSection(SolutionConfigurationPlatforms) = preSolution
		Debug|Default = Debug|Default
		DebugLocal|Default = DebugLocal|Default
		Release|Default = Release|Default
	EndGlobalSection
	GlobalSection(ProjectConfigurationPlatforms) = postSolution
		{2D17DE19-9195-41E0-A3AC-47CBD0B421C4}.Debug|Default.ActiveCfg = Debug
		{2D17DE19-9195-41E0-A3AC-47CBD0B421C4}.Debug|Default.Build.0 = Debug
		{2D17DE19-9195-41E0-A3AC-47CBD0B421C4}.Debug|Default.Deploy.0 = Debug
		{2D17DE19-9195-41E0-A3AC-47CBD0B421C4}.DebugLocal|Default.ActiveCfg = DebugLocal
		{2D17DE19-9195-41E0-A3AC-47CBD0B421C4}.DebugLocal|Default.Build.0 = DebugLocal
		{2D17DE19-9195-41E0-A3AC-47CBD0B421C4}.Release|Default.ActiveCfg = Release
		{2D17DE19-9195-41E0-A3AC-47CBD0B421C4}.Release|Default.Build.0 = Release
		{2D17DE19-9195-41E0-A3AC-47CBD0B421C4}.Release|Default.Deploy.0 = Release
		{3373CF90-F0FE-4ECE-A117-238ECC42691A}.Debug|Default.ActiveCfg = Debug
		{3373CF90-F0FE-4ECE-A117-238ECC42691A}.Debug|Default.Build.0 = Debug
		{3373CF90-F0FE-4ECE-A117-238ECC42691A}.Debug|Default.Deploy.0 = Debug
		{3373CF90-F0FE-4ECE-A117-238ECC42691A}.DebugLocal|Default.ActiveCfg = DebugLocal
		{3373CF90-F0FE-4ECE-A117-238ECC42691A}.DebugLocal|Default.Build.0 = DebugLocal
		{3373CF90-F0FE-4ECE-A117-238ECC42691A}.Release|Default.ActiveCfg = Release
		{3373CF90-F0FE-4ECE-A117-238ECC42691A}.Release|Default.Build.0 = Release
		{3373CF90-F0FE-4ECE-A117-238ECC42691A}.Release|Default.Deploy.0 = Release
	EndGlobalSection
	GlobalSection(SolutionProperties) = preSolution
		HideSolutionNode = FALSE
	EndGlobalSection
	GlobalSection(ExtensibilityGlobals) = postSolution
		SolutionGuid = {ECD79865-AB65-469D-AAD1-7F8095F33668}
	EndGlobalSection
	GlobalSection(TeamFoundationVersionControl) = preSolution
		SccNumberOfProjects = 3
		SccEnterpriseProvider = {4CA58AB2-18FA-4F8D-95D4-32DDF27D184C}
		SccTeamFoundationServer = http://svr-liv-tfs-02:8080/tfs/defaultcollection
		SccLocalPath0 = .
		SccProjectUniqueName1 = Commercial\u0020Recoveries\\Commercial\u0020Recoveries.rptproj
		SccProjectName1 = Commercial\u0020Recoveries
		SccLocalPath1 = Commercial\u0020Recoveries
		SccProjectUniqueName2 = HFC\\HFC.rptproj
		SccProjectName2 = HFC
		SccLocalPath2 = HFC
	EndGlobalSection
EndGlobal
